// !$*UTF8*$!
{
	archiveVersion = 1;
	classes = {
	};
	objectVersion = 46;
	objects = {

/* Begin PBXBuildFile section */
		EF06C4F119B4CE8B00F6CEFD /* pupular_pack_big.png in Resources */ = {isa = PBXBuildFile; fileRef = EF06C4F019B4CE8B00F6CEFD /* pupular_pack_big.png */; };
		EF0B8EA219BA695500FCA587 /* pupular_launch_1.png in Resources */ = {isa = PBXBuildFile; fileRef = EF0B8EA119BA695500FCA587 /* pupular_launch_1.png */; };
		EF0B8EA419BA925C00FCA587 /* pupular_notif_track.png in Resources */ = {isa = PBXBuildFile; fileRef = EF0B8EA319BA925C00FCA587 /* pupular_notif_track.png */; };
		EF0B8EAA19BA9EB500FCA587 /* pupular_message_button.png in Resources */ = {isa = PBXBuildFile; fileRef = EF0B8EA919BA9EB500FCA587 /* pupular_message_button.png */; };
		EF0B8EAC19BA9FC900FCA587 /* pupular_track_button.png in Resources */ = {isa = PBXBuildFile; fileRef = EF0B8EAB19BA9FC900FCA587 /* pupular_track_button.png */; };
		EF0B8EAE19BAA22800FCA587 /* pupular_pack_button.png in Resources */ = {isa = PBXBuildFile; fileRef = EF0B8EAD19BAA22800FCA587 /* pupular_pack_button.png */; };
		EF0B8EB019BAA3B800FCA587 /* pupular_accept_button.png in Resources */ = {isa = PBXBuildFile; fileRef = EF0B8EAF19BAA3B800FCA587 /* pupular_accept_button.png */; };
		EF0B8EB419BAAEDF00FCA587 /* pupular_add_button.png in Resources */ = {isa = PBXBuildFile; fileRef = EF0B8EB319BAAEDF00FCA587 /* pupular_add_button.png */; };
		EF0B8EB819BACE7900FCA587 /* pupular_message_default.png in Resources */ = {isa = PBXBuildFile; fileRef = EF0B8EB719BACE7900FCA587 /* pupular_message_default.png */; };
		EF0B8EBA19BACF3C00FCA587 /* pupular_message_notification.png in Resources */ = {isa = PBXBuildFile; fileRef = EF0B8EB919BACF3C00FCA587 /* pupular_message_notification.png */; };
		EF1A3B191977048400174C83 /* AEProfileViewController.m in Sources */ = {isa = PBXBuildFile; fileRef = EF1A3B171977048400174C83 /* AEProfileViewController.m */; };
		EF1A3B1A1977048400174C83 /* AEProfileViewController.xib in Resources */ = {isa = PBXBuildFile; fileRef = EF1A3B181977048400174C83 /* AEProfileViewController.xib */; };
		EF1BCC3C1979C991008D9EDC /* AEFriendProfileViewController.m in Sources */ = {isa = PBXBuildFile; fileRef = EF1BCC3A1979C991008D9EDC /* AEFriendProfileViewController.m */; };
		EF1BCC3D1979C991008D9EDC /* AEFriendProfileViewController.xib in Resources */ = {isa = PBXBuildFile; fileRef = EF1BCC3B1979C991008D9EDC /* AEFriendProfileViewController.xib */; };
		EF1CEC1C193786D00000CDC5 /* Foundation.framework in Frameworks */ = {isa = PBXBuildFile; fileRef = EF1CEC1B193786D00000CDC5 /* Foundation.framework */; };
		EF1CEC1E193786D00000CDC5 /* CoreGraphics.framework in Frameworks */ = {isa = PBXBuildFile; fileRef = EF1CEC1D193786D00000CDC5 /* CoreGraphics.framework */; };
		EF1CEC20193786D00000CDC5 /* UIKit.framework in Frameworks */ = {isa = PBXBuildFile; fileRef = EF1CEC1F193786D00000CDC5 /* UIKit.framework */; };
		EF1CEC26193786D00000CDC5 /* InfoPlist.strings in Resources */ = {isa = PBXBuildFile; fileRef = EF1CEC24193786D00000CDC5 /* InfoPlist.strings */; };
		EF1CEC28193786D00000CDC5 /* main.m in Sources */ = {isa = PBXBuildFile; fileRef = EF1CEC27193786D00000CDC5 /* main.m */; };
		EF1CEC2C193786D00000CDC5 /* AEAppDelegate.m in Sources */ = {isa = PBXBuildFile; fileRef = EF1CEC2B193786D00000CDC5 /* AEAppDelegate.m */; };
		EF1CEC2E193786D00000CDC5 /* Images.xcassets in Resources */ = {isa = PBXBuildFile; fileRef = EF1CEC2D193786D00000CDC5 /* Images.xcassets */; };
		EF1CEC35193786D00000CDC5 /* XCTest.framework in Frameworks */ = {isa = PBXBuildFile; fileRef = EF1CEC34193786D00000CDC5 /* XCTest.framework */; };
		EF1CEC36193786D00000CDC5 /* Foundation.framework in Frameworks */ = {isa = PBXBuildFile; fileRef = EF1CEC1B193786D00000CDC5 /* Foundation.framework */; };
		EF1CEC37193786D00000CDC5 /* UIKit.framework in Frameworks */ = {isa = PBXBuildFile; fileRef = EF1CEC1F193786D00000CDC5 /* UIKit.framework */; };
		EF1CEC3F193786D00000CDC5 /* InfoPlist.strings in Resources */ = {isa = PBXBuildFile; fileRef = EF1CEC3D193786D00000CDC5 /* InfoPlist.strings */; };
		EF1CEC41193786D00000CDC5 /* PupularTests.m in Sources */ = {isa = PBXBuildFile; fileRef = EF1CEC40193786D00000CDC5 /* PupularTests.m */; };
		EF1CEC4B193788240000CDC5 /* CoreLocation.framework in Frameworks */ = {isa = PBXBuildFile; fileRef = EF1CEC4A193788240000CDC5 /* CoreLocation.framework */; };
		EF1CEC4D193788690000CDC5 /* GoogleMaps.framework in Frameworks */ = {isa = PBXBuildFile; fileRef = EF1CEC4C193788690000CDC5 /* GoogleMaps.framework */; };
		EF1CEC4F193788B60000CDC5 /* QuartzCore.framework in Frameworks */ = {isa = PBXBuildFile; fileRef = EF1CEC4E193788B60000CDC5 /* QuartzCore.framework */; };
		EF1CEC51193788C00000CDC5 /* OpenGLES.framework in Frameworks */ = {isa = PBXBuildFile; fileRef = EF1CEC50193788C00000CDC5 /* OpenGLES.framework */; };
		EF1CEC53193788CF0000CDC5 /* SystemConfiguration.framework in Frameworks */ = {isa = PBXBuildFile; fileRef = EF1CEC52193788CF0000CDC5 /* SystemConfiguration.framework */; };
		EF1CEC55193788E50000CDC5 /* GLKit.framework in Frameworks */ = {isa = PBXBuildFile; fileRef = EF1CEC54193788E50000CDC5 /* GLKit.framework */; };
		EF1CEC57193788F00000CDC5 /* ImageIO.framework in Frameworks */ = {isa = PBXBuildFile; fileRef = EF1CEC56193788F00000CDC5 /* ImageIO.framework */; };
		EF1CEC5B1937B0AC0000CDC5 /* AELogInViewController.m in Sources */ = {isa = PBXBuildFile; fileRef = EF1CEC591937B0AC0000CDC5 /* AELogInViewController.m */; };
		EF1CEC5C1937B0AC0000CDC5 /* AELogInViewController.xib in Resources */ = {isa = PBXBuildFile; fileRef = EF1CEC5A1937B0AC0000CDC5 /* AELogInViewController.xib */; };
		EF1CEC6A1937B1380000CDC5 /* AEAboutViewController.m in Sources */ = {isa = PBXBuildFile; fileRef = EF1CEC681937B1380000CDC5 /* AEAboutViewController.m */; };
		EF1CEC6B1937B1380000CDC5 /* AEAboutViewController.xib in Resources */ = {isa = PBXBuildFile; fileRef = EF1CEC691937B1380000CDC5 /* AEAboutViewController.xib */; };
		EF1CEC791937B19A0000CDC5 /* AESignUpViewController.m in Sources */ = {isa = PBXBuildFile; fileRef = EF1CEC771937B19A0000CDC5 /* AESignUpViewController.m */; };
		EF1CEC7A1937B19A0000CDC5 /* AESignUpViewController.xib in Resources */ = {isa = PBXBuildFile; fileRef = EF1CEC781937B19A0000CDC5 /* AESignUpViewController.xib */; };
		EF1CEC8D1937B6580000CDC5 /* AEHomeMapViewController.m in Sources */ = {isa = PBXBuildFile; fileRef = EF1CEC8B1937B6580000CDC5 /* AEHomeMapViewController.m */; };
		EF1CEC8E1937B6580000CDC5 /* AEHomeMapViewController.xib in Resources */ = {isa = PBXBuildFile; fileRef = EF1CEC8C1937B6580000CDC5 /* AEHomeMapViewController.xib */; };
		EF2B4B6C19A3EE5000376182 /* list24.png in Resources */ = {isa = PBXBuildFile; fileRef = EF2B4B6B19A3EE5000376182 /* list24.png */; };
		EF4BEFDD19B42AC900190140 /* grass_navbar.png in Resources */ = {isa = PBXBuildFile; fileRef = EF4BEFDC19B42AC900190140 /* grass_navbar.png */; };
		EF4C615D19A638C50012D696 /* AESearchViewController.m in Sources */ = {isa = PBXBuildFile; fileRef = EF4C615B19A638C50012D696 /* AESearchViewController.m */; };
		EF4C615E19A638C50012D696 /* AESearchViewController.xib in Resources */ = {isa = PBXBuildFile; fileRef = EF4C615C19A638C50012D696 /* AESearchViewController.xib */; };
		EF4C616019A77D040012D696 /* track_star_signal_ON.png in Resources */ = {isa = PBXBuildFile; fileRef = EF4C615F19A77D040012D696 /* track_star_signal_ON.png */; };
		EF4C618819A7A1390012D696 /* pupular_more_default.png in Resources */ = {isa = PBXBuildFile; fileRef = EF4C618719A7A1390012D696 /* pupular_more_default.png */; };
		EF4C619019A7A33F0012D696 /* pupular_search_default.png in Resources */ = {isa = PBXBuildFile; fileRef = EF4C618F19A7A33F0012D696 /* pupular_search_default.png */; };
		EF4C619819A7CF5D0012D696 /* pupular_pack_default.png in Resources */ = {isa = PBXBuildFile; fileRef = EF4C619719A7CF5D0012D696 /* pupular_pack_default.png */; };
		EF4C619A19A7CF690012D696 /* pupular_pack_active.png in Resources */ = {isa = PBXBuildFile; fileRef = EF4C619919A7CF690012D696 /* pupular_pack_active.png */; };
		EF5303291A003E1300263B3F /* AETinderViewController.m in Sources */ = {isa = PBXBuildFile; fileRef = EF5303271A003E1300263B3F /* AETinderViewController.m */; };
		EF53032A1A003E1300263B3F /* AETinderViewController.xib in Resources */ = {isa = PBXBuildFile; fileRef = EF5303281A003E1300263B3F /* AETinderViewController.xib */; };
		EF5A20B119B101AF00BD8F84 /* navbar_grass.png in Resources */ = {isa = PBXBuildFile; fileRef = EF5A20B019B101AF00BD8F84 /* navbar_grass.png */; };
		EF5A20B719B239C100BD8F84 /* pupular_dog_avatar.png in Resources */ = {isa = PBXBuildFile; fileRef = EF5A20B619B239C100BD8F84 /* pupular_dog_avatar.png */; };
		EF5A20B919B23A3B00BD8F84 /* pupular_dog_avatar_thumb.png in Resources */ = {isa = PBXBuildFile; fileRef = EF5A20B819B23A3A00BD8F84 /* pupular_dog_avatar_thumb.png */; };
		EF5F1BEF1937CAE6002CDE3E /* libc++.dylib in Frameworks */ = {isa = PBXBuildFile; fileRef = EF5F1BEE1937CAE6002CDE3E /* libc++.dylib */; };
		EF7456DF19831A680056F429 /* git_icon_hover_the_second.png in Resources */ = {isa = PBXBuildFile; fileRef = EF7456DE19831A680056F429 /* git_icon_hover_the_second.png */; };
		EF7456E119831B190056F429 /* filler_icon.png in Resources */ = {isa = PBXBuildFile; fileRef = EF7456E019831B190056F429 /* filler_icon.png */; };
		EF8DE7401A009E8A00EBB414 /* pupular_decline_button.png in Resources */ = {isa = PBXBuildFile; fileRef = EF8DE73F1A009E8A00EBB414 /* pupular_decline_button.png */; };
		EF931B1019F04BE30041ED1A /* AEToolBarTestViewController.m in Sources */ = {isa = PBXBuildFile; fileRef = EF931B0E19F04BE30041ED1A /* AEToolBarTestViewController.m */; };
		EF931B1119F04BE30041ED1A /* AEToolBarTestViewController.xib in Resources */ = {isa = PBXBuildFile; fileRef = EF931B0F19F04BE30041ED1A /* AEToolBarTestViewController.xib */; };
		EF9EF25819B7AEC30014C3BE /* pupular_badge.png in Resources */ = {isa = PBXBuildFile; fileRef = EF9EF25719B7AEC30014C3BE /* pupular_badge.png */; };
		EF9F9C8E1A00102B00E34786 /* AEMessageViewFiller.xib in Resources */ = {isa = PBXBuildFile; fileRef = EF9F9C8D1A00102B00E34786 /* AEMessageViewFiller.xib */; };
		EF9F9C901A00352B00E34786 /* AEPackViewFiller.xib in Resources */ = {isa = PBXBuildFile; fileRef = EF9F9C8F1A00352B00E34786 /* AEPackViewFiller.xib */; };
		EFA3D87519AA9788007CF10A /* NewRelicAgent.framework in Frameworks */ = {isa = PBXBuildFile; fileRef = EFA3D87419AA9788007CF10A /* NewRelicAgent.framework */; };
		EFA3D87719AA97CC007CF10A /* CoreTelephony.framework in Frameworks */ = {isa = PBXBuildFile; fileRef = EFA3D87619AA97CC007CF10A /* CoreTelephony.framework */; };
		EFA3D87919ABE68B007CF10A /* markerView.xib in Resources */ = {isa = PBXBuildFile; fileRef = EFA3D87819ABE68B007CF10A /* markerView.xib */; };
		EFA3D87F19ABEC32007CF10A /* CustomInfoWindow.m in Sources */ = {isa = PBXBuildFile; fileRef = EFA3D87E19ABEC32007CF10A /* CustomInfoWindow.m */; };
		EFA3D88119AC0E8A007CF10A /* pupular_message_active.png in Resources */ = {isa = PBXBuildFile; fileRef = EFA3D88019AC0E8A007CF10A /* pupular_message_active.png */; };
		EFA3D88319AC524E007CF10A /* search_filler.png in Resources */ = {isa = PBXBuildFile; fileRef = EFA3D88219AC524E007CF10A /* search_filler.png */; };
		EFA3D88719AC57F5007CF10A /* pupular_marker_icon.png in Resources */ = {isa = PBXBuildFile; fileRef = EFA3D88619AC57F5007CF10A /* pupular_marker_icon.png */; };
		EFA3D89119AD03C3007CF10A /* pupular_track_big.png in Resources */ = {isa = PBXBuildFile; fileRef = EFA3D89019AD03C3007CF10A /* pupular_track_big.png */; };
		EFA3D89519AD04D3007CF10A /* pupular_message_big.png in Resources */ = {isa = PBXBuildFile; fileRef = EFA3D89419AD04D3007CF10A /* pupular_message_big.png */; };
		EFA858811943713600065ED9 /* AEMenuViewController.m in Sources */ = {isa = PBXBuildFile; fileRef = EFA8587F1943713600065ED9 /* AEMenuViewController.m */; };
		EFA858821943713600065ED9 /* AEMenuViewController.xib in Resources */ = {isa = PBXBuildFile; fileRef = EFA858801943713600065ED9 /* AEMenuViewController.xib */; };
		EFA8588719439CBB00065ED9 /* AEMessagesViewController.xib in Resources */ = {isa = PBXBuildFile; fileRef = EFA8588519439CBB00065ED9 /* AEMessagesViewController.xib */; };
		EFA8588B19439CCE00065ED9 /* AEBuddiesViewController.m in Sources */ = {isa = PBXBuildFile; fileRef = EFA8588919439CCE00065ED9 /* AEBuddiesViewController.m */; };
		EFA8589019439E7700065ED9 /* AEActiveFriendsViewController.m in Sources */ = {isa = PBXBuildFile; fileRef = EFA8588E19439E7700065ED9 /* AEActiveFriendsViewController.m */; };
		EFA8589119439E7700065ED9 /* AEActiveFriendsViewController.xib in Resources */ = {isa = PBXBuildFile; fileRef = EFA8588F19439E7700065ED9 /* AEActiveFriendsViewController.xib */; };
		EFA8589519439F8900065ED9 /* AEConvoViewController.m in Sources */ = {isa = PBXBuildFile; fileRef = EFA8589319439F8900065ED9 /* AEConvoViewController.m */; };
		EFA8589619439F8900065ED9 /* AEConvoViewController.xib in Resources */ = {isa = PBXBuildFile; fileRef = EFA8589419439F8900065ED9 /* AEConvoViewController.xib */; };
		EFB368D91971DF8D0007FC1E /* AENotification2ViewController.m in Sources */ = {isa = PBXBuildFile; fileRef = EFB368D71971DF8D0007FC1E /* AENotification2ViewController.m */; };
		EFB368DA1971DF8D0007FC1E /* AENotification2ViewController.xib in Resources */ = {isa = PBXBuildFile; fileRef = EFB368D81971DF8D0007FC1E /* AENotification2ViewController.xib */; };
		EFB7A4AD197624810059CF44 /* list23.png in Resources */ = {isa = PBXBuildFile; fileRef = EFB7A4AC197624810059CF44 /* list23.png */; };
		EFBB8E4B1937CF5E0001EB6E /* libz.dylib in Frameworks */ = {isa = PBXBuildFile; fileRef = EFBB8E4A1937CF5E0001EB6E /* libz.dylib */; };
		EFBB8E4D1937CF8B0001EB6E /* CoreData.framework in Frameworks */ = {isa = PBXBuildFile; fileRef = EFBB8E4C1937CF8B0001EB6E /* CoreData.framework */; };
		EFBB8F021937D2B10001EB6E /* GoogleMaps.bundle in Resources */ = {isa = PBXBuildFile; fileRef = EFBB8F011937D2B10001EB6E /* GoogleMaps.bundle */; };
		EFBCBCED19971939006EEA45 /* readIndicator.png in Resources */ = {isa = PBXBuildFile; fileRef = EFBCBCEC19971939006EEA45 /* readIndicator.png */; };
		EFC2FF051951FD1F00904361 /* Security.framework in Frameworks */ = {isa = PBXBuildFile; fileRef = EFC2FF041951FD1F00904361 /* Security.framework */; };
		EFC2FF0A1953590A00904361 /* landing_iamge.png in Resources */ = {isa = PBXBuildFile; fileRef = EFC2FF091953590A00904361 /* landing_iamge.png */; };
		EFC2FF0E19537B2300904361 /* AEAdditionView.m in Sources */ = {isa = PBXBuildFile; fileRef = EFC2FF0D19537B2300904361 /* AEAdditionView.m */; };
		EFC2FFB11954979D00904361 /* MapKit.framework in Frameworks */ = {isa = PBXBuildFile; fileRef = EFC2FFB01954979D00904361 /* MapKit.framework */; };
		EFC2FFD2195498D300904361 /* MKAnnotationView+WebCache.m in Sources */ = {isa = PBXBuildFile; fileRef = EFC2FFB4195498D300904361 /* MKAnnotationView+WebCache.m */; };
		EFC2FFD3195498D300904361 /* NSData+ImageContentType.m in Sources */ = {isa = PBXBuildFile; fileRef = EFC2FFB6195498D300904361 /* NSData+ImageContentType.m */; };
		EFC2FFD4195498D300904361 /* SDImageCache.m in Sources */ = {isa = PBXBuildFile; fileRef = EFC2FFB8195498D300904361 /* SDImageCache.m */; };
		EFC2FFD5195498D300904361 /* SDWebImageCompat.m in Sources */ = {isa = PBXBuildFile; fileRef = EFC2FFBA195498D300904361 /* SDWebImageCompat.m */; };
		EFC2FFD6195498D300904361 /* SDWebImageDecoder.m in Sources */ = {isa = PBXBuildFile; fileRef = EFC2FFBC195498D300904361 /* SDWebImageDecoder.m */; };
		EFC2FFD7195498D300904361 /* SDWebImageDownloader.m in Sources */ = {isa = PBXBuildFile; fileRef = EFC2FFBE195498D300904361 /* SDWebImageDownloader.m */; };
		EFC2FFD8195498D300904361 /* SDWebImageDownloaderOperation.m in Sources */ = {isa = PBXBuildFile; fileRef = EFC2FFC0195498D300904361 /* SDWebImageDownloaderOperation.m */; };
		EFC2FFD9195498D300904361 /* SDWebImageManager.m in Sources */ = {isa = PBXBuildFile; fileRef = EFC2FFC2195498D300904361 /* SDWebImageManager.m */; };
		EFC2FFDA195498D300904361 /* SDWebImagePrefetcher.m in Sources */ = {isa = PBXBuildFile; fileRef = EFC2FFC5195498D300904361 /* SDWebImagePrefetcher.m */; };
		EFC2FFDB195498D300904361 /* UIButton+WebCache.m in Sources */ = {isa = PBXBuildFile; fileRef = EFC2FFC7195498D300904361 /* UIButton+WebCache.m */; };
		EFC2FFDC195498D300904361 /* UIImage+GIF.m in Sources */ = {isa = PBXBuildFile; fileRef = EFC2FFC9195498D300904361 /* UIImage+GIF.m */; };
		EFC2FFDD195498D300904361 /* UIImage+MultiFormat.m in Sources */ = {isa = PBXBuildFile; fileRef = EFC2FFCB195498D300904361 /* UIImage+MultiFormat.m */; };
		EFC2FFDE195498D300904361 /* UIImage+WebP.m in Sources */ = {isa = PBXBuildFile; fileRef = EFC2FFCD195498D300904361 /* UIImage+WebP.m */; };
		EFC2FFDF195498D300904361 /* UIImageView+HighlightedWebCache.m in Sources */ = {isa = PBXBuildFile; fileRef = EFC2FFCF195498D300904361 /* UIImageView+HighlightedWebCache.m */; };
		EFC2FFE0195498D300904361 /* UIImageView+WebCache.m in Sources */ = {isa = PBXBuildFile; fileRef = EFC2FFD1195498D300904361 /* UIImageView+WebCache.m */; };
		EFC2FFE21954DA4500904361 /* git_icon_hover.png in Resources */ = {isa = PBXBuildFile; fileRef = EFC2FFE11954DA4500904361 /* git_icon_hover.png */; };
		EFC868CF19A7D21D00E0937B /* pupular_home_default.png in Resources */ = {isa = PBXBuildFile; fileRef = EFC868CE19A7D21D00E0937B /* pupular_home_default.png */; };
		EFC868DB19A9593C00E0937B /* pupular_track.png in Resources */ = {isa = PBXBuildFile; fileRef = EFC868DA19A9593C00E0937B /* pupular_track.png */; };
		EFC868DD19A95A5400E0937B /* pupular_track_home.png in Resources */ = {isa = PBXBuildFile; fileRef = EFC868DC19A95A5400E0937B /* pupular_track_home.png */; };
		EFC9F4651940C4520078045E /* AENewMessageViewController.m in Sources */ = {isa = PBXBuildFile; fileRef = EFC9F4631940C4520078045E /* AENewMessageViewController.m */; };
		EFC9F4661940C4520078045E /* AENewMessageViewController.xib in Resources */ = {isa = PBXBuildFile; fileRef = EFC9F4641940C4520078045E /* AENewMessageViewController.xib */; };
		EFC9F46A1940C4C10078045E /* AEEditProfileViewController.m in Sources */ = {isa = PBXBuildFile; fileRef = EFC9F4681940C4C10078045E /* AEEditProfileViewController.m */; };
		EFC9F46B1940C4C10078045E /* AEEditProfileViewController.xib in Resources */ = {isa = PBXBuildFile; fileRef = EFC9F4691940C4C10078045E /* AEEditProfileViewController.xib */; };
		EFCAC8B119C243A20051EEF1 /* AETabBarViewController.m in Sources */ = {isa = PBXBuildFile; fileRef = EFCAC8B019C243A20051EEF1 /* AETabBarViewController.m */; };
		EFCDA90D19968C9E00635A2C /* AEMessagesViewController.m in Sources */ = {isa = PBXBuildFile; fileRef = EFCDA90C19968C9E00635A2C /* AEMessagesViewController.m */; };
		EFD32F31195CA4F100700FEA /* AEBuddiesViewController.xib in Resources */ = {isa = PBXBuildFile; fileRef = EFD32F30195CA4F100700FEA /* AEBuddiesViewController.xib */; };
		EFFB3B0C195DC8D7003D0A9C /* AECLController.m in Sources */ = {isa = PBXBuildFile; fileRef = EFFB3B0B195DC8D7003D0A9C /* AECLController.m */; };
		EFFB3B0E195DCA8C003D0A9C /* libicucore.dylib in Frameworks */ = {isa = PBXBuildFile; fileRef = EFFB3B0D195DCA8C003D0A9C /* libicucore.dylib */; };
		EFFB3B10195DCB0D003D0A9C /* CoreText.framework in Frameworks */ = {isa = PBXBuildFile; fileRef = EFFB3B0F195DCB0C003D0A9C /* CoreText.framework */; };
/* End PBXBuildFile section */

/* Begin PBXContainerItemProxy section */
		EF1CEC38193786D00000CDC5 /* PBXContainerItemProxy */ = {
			isa = PBXContainerItemProxy;
			containerPortal = EF1CEC10193786D00000CDC5 /* Project object */;
			proxyType = 1;
			remoteGlobalIDString = EF1CEC17193786D00000CDC5;
			remoteInfo = Pupular;
		};
/* End PBXContainerItemProxy section */

/* Begin PBXFileReference section */
		EF06C4F019B4CE8B00F6CEFD /* pupular_pack_big.png */ = {isa = PBXFileReference; lastKnownFileType = image.png; path = pupular_pack_big.png; sourceTree = "<group>"; };
		EF0B8EA119BA695500FCA587 /* pupular_launch_1.png */ = {isa = PBXFileReference; lastKnownFileType = image.png; path = pupular_launch_1.png; sourceTree = "<group>"; };
		EF0B8EA319BA925C00FCA587 /* pupular_notif_track.png */ = {isa = PBXFileReference; lastKnownFileType = image.png; path = pupular_notif_track.png; sourceTree = "<group>"; };
		EF0B8EA919BA9EB500FCA587 /* pupular_message_button.png */ = {isa = PBXFileReference; lastKnownFileType = image.png; path = pupular_message_button.png; sourceTree = "<group>"; };
		EF0B8EAB19BA9FC900FCA587 /* pupular_track_button.png */ = {isa = PBXFileReference; lastKnownFileType = image.png; path = pupular_track_button.png; sourceTree = "<group>"; };
		EF0B8EAD19BAA22800FCA587 /* pupular_pack_button.png */ = {isa = PBXFileReference; lastKnownFileType = image.png; path = pupular_pack_button.png; sourceTree = "<group>"; };
		EF0B8EAF19BAA3B800FCA587 /* pupular_accept_button.png */ = {isa = PBXFileReference; lastKnownFileType = image.png; path = pupular_accept_button.png; sourceTree = "<group>"; };
		EF0B8EB319BAAEDF00FCA587 /* pupular_add_button.png */ = {isa = PBXFileReference; lastKnownFileType = image.png; path = pupular_add_button.png; sourceTree = "<group>"; };
		EF0B8EB719BACE7900FCA587 /* pupular_message_default.png */ = {isa = PBXFileReference; lastKnownFileType = image.png; path = pupular_message_default.png; sourceTree = "<group>"; };
		EF0B8EB919BACF3C00FCA587 /* pupular_message_notification.png */ = {isa = PBXFileReference; lastKnownFileType = image.png; path = pupular_message_notification.png; sourceTree = "<group>"; };
		EF1A3B161977048400174C83 /* AEProfileViewController.h */ = {isa = PBXFileReference; fileEncoding = 4; lastKnownFileType = sourcecode.c.h; path = AEProfileViewController.h; sourceTree = "<group>"; };
		EF1A3B171977048400174C83 /* AEProfileViewController.m */ = {isa = PBXFileReference; fileEncoding = 4; lastKnownFileType = sourcecode.c.objc; path = AEProfileViewController.m; sourceTree = "<group>"; };
		EF1A3B181977048400174C83 /* AEProfileViewController.xib */ = {isa = PBXFileReference; fileEncoding = 4; lastKnownFileType = file.xib; path = AEProfileViewController.xib; sourceTree = "<group>"; };
		EF1BCC391979C991008D9EDC /* AEFriendProfileViewController.h */ = {isa = PBXFileReference; fileEncoding = 4; lastKnownFileType = sourcecode.c.h; name = AEFriendProfileViewController.h; path = ../AEFriendProfileViewController.h; sourceTree = "<group>"; };
		EF1BCC3A1979C991008D9EDC /* AEFriendProfileViewController.m */ = {isa = PBXFileReference; fileEncoding = 4; lastKnownFileType = sourcecode.c.objc; name = AEFriendProfileViewController.m; path = ../AEFriendProfileViewController.m; sourceTree = "<group>"; };
		EF1BCC3B1979C991008D9EDC /* AEFriendProfileViewController.xib */ = {isa = PBXFileReference; fileEncoding = 4; lastKnownFileType = file.xib; name = AEFriendProfileViewController.xib; path = ../AEFriendProfileViewController.xib; sourceTree = "<group>"; };
		EF1CEC18193786D00000CDC5 /* Pupular.app */ = {isa = PBXFileReference; explicitFileType = wrapper.application; includeInIndex = 0; path = Pupular.app; sourceTree = BUILT_PRODUCTS_DIR; };
		EF1CEC1B193786D00000CDC5 /* Foundation.framework */ = {isa = PBXFileReference; lastKnownFileType = wrapper.framework; name = Foundation.framework; path = System/Library/Frameworks/Foundation.framework; sourceTree = SDKROOT; };
		EF1CEC1D193786D00000CDC5 /* CoreGraphics.framework */ = {isa = PBXFileReference; lastKnownFileType = wrapper.framework; name = CoreGraphics.framework; path = System/Library/Frameworks/CoreGraphics.framework; sourceTree = SDKROOT; };
		EF1CEC1F193786D00000CDC5 /* UIKit.framework */ = {isa = PBXFileReference; lastKnownFileType = wrapper.framework; name = UIKit.framework; path = System/Library/Frameworks/UIKit.framework; sourceTree = SDKROOT; };
		EF1CEC23193786D00000CDC5 /* Pupular-Info.plist */ = {isa = PBXFileReference; lastKnownFileType = text.plist.xml; path = "Pupular-Info.plist"; sourceTree = "<group>"; };
		EF1CEC25193786D00000CDC5 /* en */ = {isa = PBXFileReference; lastKnownFileType = text.plist.strings; name = en; path = en.lproj/InfoPlist.strings; sourceTree = "<group>"; };
		EF1CEC27193786D00000CDC5 /* main.m */ = {isa = PBXFileReference; lastKnownFileType = sourcecode.c.objc; path = main.m; sourceTree = "<group>"; };
		EF1CEC29193786D00000CDC5 /* Pupular-Prefix.pch */ = {isa = PBXFileReference; lastKnownFileType = sourcecode.c.h; path = "Pupular-Prefix.pch"; sourceTree = "<group>"; };
		EF1CEC2A193786D00000CDC5 /* AEAppDelegate.h */ = {isa = PBXFileReference; lastKnownFileType = sourcecode.c.h; path = AEAppDelegate.h; sourceTree = "<group>"; };
		EF1CEC2B193786D00000CDC5 /* AEAppDelegate.m */ = {isa = PBXFileReference; lastKnownFileType = sourcecode.c.objc; path = AEAppDelegate.m; sourceTree = "<group>"; };
		EF1CEC2D193786D00000CDC5 /* Images.xcassets */ = {isa = PBXFileReference; lastKnownFileType = folder.assetcatalog; path = Images.xcassets; sourceTree = "<group>"; };
		EF1CEC33193786D00000CDC5 /* PupularTests.xctest */ = {isa = PBXFileReference; explicitFileType = wrapper.cfbundle; includeInIndex = 0; path = PupularTests.xctest; sourceTree = BUILT_PRODUCTS_DIR; };
		EF1CEC34193786D00000CDC5 /* XCTest.framework */ = {isa = PBXFileReference; lastKnownFileType = wrapper.framework; name = XCTest.framework; path = Library/Frameworks/XCTest.framework; sourceTree = DEVELOPER_DIR; };
		EF1CEC3C193786D00000CDC5 /* PupularTests-Info.plist */ = {isa = PBXFileReference; lastKnownFileType = text.plist.xml; path = "PupularTests-Info.plist"; sourceTree = "<group>"; };
		EF1CEC3E193786D00000CDC5 /* en */ = {isa = PBXFileReference; lastKnownFileType = text.plist.strings; name = en; path = en.lproj/InfoPlist.strings; sourceTree = "<group>"; };
		EF1CEC40193786D00000CDC5 /* PupularTests.m */ = {isa = PBXFileReference; lastKnownFileType = sourcecode.c.objc; path = PupularTests.m; sourceTree = "<group>"; };
		EF1CEC4A193788240000CDC5 /* CoreLocation.framework */ = {isa = PBXFileReference; lastKnownFileType = wrapper.framework; name = CoreLocation.framework; path = System/Library/Frameworks/CoreLocation.framework; sourceTree = SDKROOT; };
		EF1CEC4C193788690000CDC5 /* GoogleMaps.framework */ = {isa = PBXFileReference; lastKnownFileType = wrapper.framework; name = GoogleMaps.framework; path = "../../../../Downloads/GoogleMaps-iOS-1.7.2/GoogleMaps.framework"; sourceTree = "<group>"; };
		EF1CEC4E193788B60000CDC5 /* QuartzCore.framework */ = {isa = PBXFileReference; lastKnownFileType = wrapper.framework; name = QuartzCore.framework; path = System/Library/Frameworks/QuartzCore.framework; sourceTree = SDKROOT; };
		EF1CEC50193788C00000CDC5 /* OpenGLES.framework */ = {isa = PBXFileReference; lastKnownFileType = wrapper.framework; name = OpenGLES.framework; path = System/Library/Frameworks/OpenGLES.framework; sourceTree = SDKROOT; };
		EF1CEC52193788CF0000CDC5 /* SystemConfiguration.framework */ = {isa = PBXFileReference; lastKnownFileType = wrapper.framework; name = SystemConfiguration.framework; path = System/Library/Frameworks/SystemConfiguration.framework; sourceTree = SDKROOT; };
		EF1CEC54193788E50000CDC5 /* GLKit.framework */ = {isa = PBXFileReference; lastKnownFileType = wrapper.framework; name = GLKit.framework; path = System/Library/Frameworks/GLKit.framework; sourceTree = SDKROOT; };
		EF1CEC56193788F00000CDC5 /* ImageIO.framework */ = {isa = PBXFileReference; lastKnownFileType = wrapper.framework; name = ImageIO.framework; path = System/Library/Frameworks/ImageIO.framework; sourceTree = SDKROOT; };
		EF1CEC581937B0AC0000CDC5 /* AELogInViewController.h */ = {isa = PBXFileReference; fileEncoding = 4; lastKnownFileType = sourcecode.c.h; path = AELogInViewController.h; sourceTree = "<group>"; };
		EF1CEC591937B0AC0000CDC5 /* AELogInViewController.m */ = {isa = PBXFileReference; fileEncoding = 4; lastKnownFileType = sourcecode.c.objc; path = AELogInViewController.m; sourceTree = "<group>"; };
		EF1CEC5A1937B0AC0000CDC5 /* AELogInViewController.xib */ = {isa = PBXFileReference; fileEncoding = 4; lastKnownFileType = file.xib; path = AELogInViewController.xib; sourceTree = "<group>"; };
		EF1CEC671937B1380000CDC5 /* AEAboutViewController.h */ = {isa = PBXFileReference; fileEncoding = 4; lastKnownFileType = sourcecode.c.h; path = AEAboutViewController.h; sourceTree = "<group>"; };
		EF1CEC681937B1380000CDC5 /* AEAboutViewController.m */ = {isa = PBXFileReference; fileEncoding = 4; lastKnownFileType = sourcecode.c.objc; path = AEAboutViewController.m; sourceTree = "<group>"; };
		EF1CEC691937B1380000CDC5 /* AEAboutViewController.xib */ = {isa = PBXFileReference; fileEncoding = 4; lastKnownFileType = file.xib; path = AEAboutViewController.xib; sourceTree = "<group>"; };
		EF1CEC761937B19A0000CDC5 /* AESignUpViewController.h */ = {isa = PBXFileReference; fileEncoding = 4; lastKnownFileType = sourcecode.c.h; path = AESignUpViewController.h; sourceTree = "<group>"; };
		EF1CEC771937B19A0000CDC5 /* AESignUpViewController.m */ = {isa = PBXFileReference; fileEncoding = 4; lastKnownFileType = sourcecode.c.objc; path = AESignUpViewController.m; sourceTree = "<group>"; };
		EF1CEC781937B19A0000CDC5 /* AESignUpViewController.xib */ = {isa = PBXFileReference; fileEncoding = 4; lastKnownFileType = file.xib; path = AESignUpViewController.xib; sourceTree = "<group>"; };
		EF1CEC8A1937B6580000CDC5 /* AEHomeMapViewController.h */ = {isa = PBXFileReference; fileEncoding = 4; lastKnownFileType = sourcecode.c.h; name = AEHomeMapViewController.h; path = ../AEHomeMapViewController.h; sourceTree = "<group>"; };
		EF1CEC8B1937B6580000CDC5 /* AEHomeMapViewController.m */ = {isa = PBXFileReference; fileEncoding = 4; lastKnownFileType = sourcecode.c.objc; name = AEHomeMapViewController.m; path = ../AEHomeMapViewController.m; sourceTree = "<group>"; };
		EF1CEC8C1937B6580000CDC5 /* AEHomeMapViewController.xib */ = {isa = PBXFileReference; fileEncoding = 4; lastKnownFileType = file.xib; name = AEHomeMapViewController.xib; path = ../AEHomeMapViewController.xib; sourceTree = "<group>"; };
		EF2B4B6B19A3EE5000376182 /* list24.png */ = {isa = PBXFileReference; lastKnownFileType = image.png; path = list24.png; sourceTree = "<group>"; };
		EF4BEFDC19B42AC900190140 /* grass_navbar.png */ = {isa = PBXFileReference; lastKnownFileType = image.png; path = grass_navbar.png; sourceTree = "<group>"; };
		EF4C615A19A638C50012D696 /* AESearchViewController.h */ = {isa = PBXFileReference; fileEncoding = 4; lastKnownFileType = sourcecode.c.h; name = AESearchViewController.h; path = ../AESearchViewController.h; sourceTree = "<group>"; };
		EF4C615B19A638C50012D696 /* AESearchViewController.m */ = {isa = PBXFileReference; fileEncoding = 4; lastKnownFileType = sourcecode.c.objc; name = AESearchViewController.m; path = ../AESearchViewController.m; sourceTree = "<group>"; };
		EF4C615C19A638C50012D696 /* AESearchViewController.xib */ = {isa = PBXFileReference; fileEncoding = 4; lastKnownFileType = file.xib; name = AESearchViewController.xib; path = ../AESearchViewController.xib; sourceTree = "<group>"; };
		EF4C615F19A77D040012D696 /* track_star_signal_ON.png */ = {isa = PBXFileReference; lastKnownFileType = image.png; path = track_star_signal_ON.png; sourceTree = "<group>"; };
		EF4C618719A7A1390012D696 /* pupular_more_default.png */ = {isa = PBXFileReference; lastKnownFileType = image.png; path = pupular_more_default.png; sourceTree = "<group>"; };
		EF4C618F19A7A33F0012D696 /* pupular_search_default.png */ = {isa = PBXFileReference; lastKnownFileType = image.png; path = pupular_search_default.png; sourceTree = "<group>"; };
		EF4C619719A7CF5D0012D696 /* pupular_pack_default.png */ = {isa = PBXFileReference; lastKnownFileType = image.png; path = pupular_pack_default.png; sourceTree = "<group>"; };
		EF4C619919A7CF690012D696 /* pupular_pack_active.png */ = {isa = PBXFileReference; lastKnownFileType = image.png; path = pupular_pack_active.png; sourceTree = "<group>"; };
		EF5303261A003E1300263B3F /* AETinderViewController.h */ = {isa = PBXFileReference; fileEncoding = 4; lastKnownFileType = sourcecode.c.h; path = AETinderViewController.h; sourceTree = "<group>"; };
		EF5303271A003E1300263B3F /* AETinderViewController.m */ = {isa = PBXFileReference; fileEncoding = 4; lastKnownFileType = sourcecode.c.objc; path = AETinderViewController.m; sourceTree = "<group>"; };
		EF5303281A003E1300263B3F /* AETinderViewController.xib */ = {isa = PBXFileReference; fileEncoding = 4; lastKnownFileType = file.xib; path = AETinderViewController.xib; sourceTree = "<group>"; };
		EF5A20B019B101AF00BD8F84 /* navbar_grass.png */ = {isa = PBXFileReference; lastKnownFileType = image.png; path = navbar_grass.png; sourceTree = "<group>"; };
		EF5A20B619B239C100BD8F84 /* pupular_dog_avatar.png */ = {isa = PBXFileReference; lastKnownFileType = image.png; path = pupular_dog_avatar.png; sourceTree = "<group>"; };
		EF5A20B819B23A3A00BD8F84 /* pupular_dog_avatar_thumb.png */ = {isa = PBXFileReference; lastKnownFileType = image.png; path = pupular_dog_avatar_thumb.png; sourceTree = "<group>"; };
		EF5F1BEE1937CAE6002CDE3E /* libc++.dylib */ = {isa = PBXFileReference; lastKnownFileType = "compiled.mach-o.dylib"; name = "libc++.dylib"; path = "usr/lib/libc++.dylib"; sourceTree = SDKROOT; };
		EF7456DE19831A680056F429 /* git_icon_hover_the_second.png */ = {isa = PBXFileReference; lastKnownFileType = image.png; path = git_icon_hover_the_second.png; sourceTree = "<group>"; };
		EF7456E019831B190056F429 /* filler_icon.png */ = {isa = PBXFileReference; lastKnownFileType = image.png; path = filler_icon.png; sourceTree = "<group>"; };
		EF8DE73F1A009E8A00EBB414 /* pupular_decline_button.png */ = {isa = PBXFileReference; lastKnownFileType = image.png; path = pupular_decline_button.png; sourceTree = "<group>"; };
		EF931B0D19F04BE30041ED1A /* AEToolBarTestViewController.h */ = {isa = PBXFileReference; fileEncoding = 4; lastKnownFileType = sourcecode.c.h; path = AEToolBarTestViewController.h; sourceTree = "<group>"; };
		EF931B0E19F04BE30041ED1A /* AEToolBarTestViewController.m */ = {isa = PBXFileReference; fileEncoding = 4; lastKnownFileType = sourcecode.c.objc; path = AEToolBarTestViewController.m; sourceTree = "<group>"; };
		EF931B0F19F04BE30041ED1A /* AEToolBarTestViewController.xib */ = {isa = PBXFileReference; fileEncoding = 4; lastKnownFileType = file.xib; path = AEToolBarTestViewController.xib; sourceTree = "<group>"; };
		EF9EF25719B7AEC30014C3BE /* pupular_badge.png */ = {isa = PBXFileReference; lastKnownFileType = image.png; path = pupular_badge.png; sourceTree = "<group>"; };
		EF9F9C8D1A00102B00E34786 /* AEMessageViewFiller.xib */ = {isa = PBXFileReference; fileEncoding = 4; lastKnownFileType = file.xib; name = AEMessageViewFiller.xib; path = ../AEMessageViewFiller.xib; sourceTree = "<group>"; };
		EF9F9C8F1A00352B00E34786 /* AEPackViewFiller.xib */ = {isa = PBXFileReference; fileEncoding = 4; lastKnownFileType = file.xib; path = AEPackViewFiller.xib; sourceTree = "<group>"; };
		EFA3D87419AA9788007CF10A /* NewRelicAgent.framework */ = {isa = PBXFileReference; lastKnownFileType = wrapper.framework; name = NewRelicAgent.framework; path = Pupular/NewRelicAgent.framework; sourceTree = "<group>"; };
		EFA3D87619AA97CC007CF10A /* CoreTelephony.framework */ = {isa = PBXFileReference; lastKnownFileType = wrapper.framework; name = CoreTelephony.framework; path = System/Library/Frameworks/CoreTelephony.framework; sourceTree = SDKROOT; };
		EFA3D87819ABE68B007CF10A /* markerView.xib */ = {isa = PBXFileReference; fileEncoding = 4; lastKnownFileType = file.xib; path = markerView.xib; sourceTree = "<group>"; };
		EFA3D87D19ABEC32007CF10A /* CustomInfoWindow.h */ = {isa = PBXFileReference; fileEncoding = 4; lastKnownFileType = sourcecode.c.h; name = CustomInfoWindow.h; path = ../CustomInfoWindow.h; sourceTree = "<group>"; };
		EFA3D87E19ABEC32007CF10A /* CustomInfoWindow.m */ = {isa = PBXFileReference; fileEncoding = 4; lastKnownFileType = sourcecode.c.objc; name = CustomInfoWindow.m; path = ../CustomInfoWindow.m; sourceTree = "<group>"; };
		EFA3D88019AC0E8A007CF10A /* pupular_message_active.png */ = {isa = PBXFileReference; lastKnownFileType = image.png; path = pupular_message_active.png; sourceTree = "<group>"; };
		EFA3D88219AC524E007CF10A /* search_filler.png */ = {isa = PBXFileReference; lastKnownFileType = image.png; path = search_filler.png; sourceTree = "<group>"; };
		EFA3D88619AC57F5007CF10A /* pupular_marker_icon.png */ = {isa = PBXFileReference; lastKnownFileType = image.png; path = pupular_marker_icon.png; sourceTree = "<group>"; };
		EFA3D89019AD03C3007CF10A /* pupular_track_big.png */ = {isa = PBXFileReference; lastKnownFileType = image.png; path = pupular_track_big.png; sourceTree = "<group>"; };
		EFA3D89419AD04D3007CF10A /* pupular_message_big.png */ = {isa = PBXFileReference; lastKnownFileType = image.png; path = pupular_message_big.png; sourceTree = "<group>"; };
		EFA8587E1943713600065ED9 /* AEMenuViewController.h */ = {isa = PBXFileReference; fileEncoding = 4; lastKnownFileType = sourcecode.c.h; name = AEMenuViewController.h; path = ../AEMenuViewController.h; sourceTree = "<group>"; };
		EFA8587F1943713600065ED9 /* AEMenuViewController.m */ = {isa = PBXFileReference; fileEncoding = 4; lastKnownFileType = sourcecode.c.objc; name = AEMenuViewController.m; path = ../AEMenuViewController.m; sourceTree = "<group>"; };
		EFA858801943713600065ED9 /* AEMenuViewController.xib */ = {isa = PBXFileReference; fileEncoding = 4; lastKnownFileType = file.xib; name = AEMenuViewController.xib; path = ../AEMenuViewController.xib; sourceTree = "<group>"; };
		EFA8588519439CBB00065ED9 /* AEMessagesViewController.xib */ = {isa = PBXFileReference; fileEncoding = 4; lastKnownFileType = file.xib; name = AEMessagesViewController.xib; path = ../AEMessagesViewController.xib; sourceTree = "<group>"; };
		EFA8588819439CCE00065ED9 /* AEBuddiesViewController.h */ = {isa = PBXFileReference; fileEncoding = 4; lastKnownFileType = sourcecode.c.h; name = AEBuddiesViewController.h; path = ../AEBuddiesViewController.h; sourceTree = "<group>"; };
		EFA8588919439CCE00065ED9 /* AEBuddiesViewController.m */ = {isa = PBXFileReference; fileEncoding = 4; lastKnownFileType = sourcecode.c.objc; name = AEBuddiesViewController.m; path = ../AEBuddiesViewController.m; sourceTree = "<group>"; };
		EFA8588D19439E7700065ED9 /* AEActiveFriendsViewController.h */ = {isa = PBXFileReference; fileEncoding = 4; lastKnownFileType = sourcecode.c.h; name = AEActiveFriendsViewController.h; path = ../AEActiveFriendsViewController.h; sourceTree = "<group>"; };
		EFA8588E19439E7700065ED9 /* AEActiveFriendsViewController.m */ = {isa = PBXFileReference; fileEncoding = 4; lastKnownFileType = sourcecode.c.objc; name = AEActiveFriendsViewController.m; path = ../AEActiveFriendsViewController.m; sourceTree = "<group>"; };
		EFA8588F19439E7700065ED9 /* AEActiveFriendsViewController.xib */ = {isa = PBXFileReference; fileEncoding = 4; lastKnownFileType = file.xib; name = AEActiveFriendsViewController.xib; path = ../AEActiveFriendsViewController.xib; sourceTree = "<group>"; };
		EFA8589219439F8900065ED9 /* AEConvoViewController.h */ = {isa = PBXFileReference; fileEncoding = 4; lastKnownFileType = sourcecode.c.h; name = AEConvoViewController.h; path = ../AEConvoViewController.h; sourceTree = "<group>"; };
		EFA8589319439F8900065ED9 /* AEConvoViewController.m */ = {isa = PBXFileReference; fileEncoding = 4; lastKnownFileType = sourcecode.c.objc; name = AEConvoViewController.m; path = ../AEConvoViewController.m; sourceTree = "<group>"; };
		EFA8589419439F8900065ED9 /* AEConvoViewController.xib */ = {isa = PBXFileReference; fileEncoding = 4; lastKnownFileType = file.xib; name = AEConvoViewController.xib; path = ../AEConvoViewController.xib; sourceTree = "<group>"; };
		EFB368D61971DF8D0007FC1E /* AENotification2ViewController.h */ = {isa = PBXFileReference; fileEncoding = 4; lastKnownFileType = sourcecode.c.h; name = AENotification2ViewController.h; path = ../AENotification2ViewController.h; sourceTree = "<group>"; };
		EFB368D71971DF8D0007FC1E /* AENotification2ViewController.m */ = {isa = PBXFileReference; fileEncoding = 4; lastKnownFileType = sourcecode.c.objc; name = AENotification2ViewController.m; path = ../AENotification2ViewController.m; sourceTree = "<group>"; };
		EFB368D81971DF8D0007FC1E /* AENotification2ViewController.xib */ = {isa = PBXFileReference; fileEncoding = 4; lastKnownFileType = file.xib; name = AENotification2ViewController.xib; path = ../AENotification2ViewController.xib; sourceTree = "<group>"; };
		EFB7A4AC197624810059CF44 /* list23.png */ = {isa = PBXFileReference; lastKnownFileType = image.png; name = list23.png; path = ../../../../../Downloads/list23.png; sourceTree = "<group>"; };
		EFBB8E4A1937CF5E0001EB6E /* libz.dylib */ = {isa = PBXFileReference; lastKnownFileType = "compiled.mach-o.dylib"; name = libz.dylib; path = usr/lib/libz.dylib; sourceTree = SDKROOT; };
		EFBB8E4C1937CF8B0001EB6E /* CoreData.framework */ = {isa = PBXFileReference; lastKnownFileType = wrapper.framework; name = CoreData.framework; path = System/Library/Frameworks/CoreData.framework; sourceTree = SDKROOT; };
		EFBB8F011937D2B10001EB6E /* GoogleMaps.bundle */ = {isa = PBXFileReference; lastKnownFileType = "wrapper.plug-in"; name = GoogleMaps.bundle; path = ../GoogleMaps.bundle; sourceTree = "<group>"; };
		EFBCBCEC19971939006EEA45 /* readIndicator.png */ = {isa = PBXFileReference; lastKnownFileType = image.png; path = readIndicator.png; sourceTree = "<group>"; };
		EFC2FF041951FD1F00904361 /* Security.framework */ = {isa = PBXFileReference; lastKnownFileType = wrapper.framework; name = Security.framework; path = System/Library/Frameworks/Security.framework; sourceTree = SDKROOT; };
		EFC2FF091953590A00904361 /* landing_iamge.png */ = {isa = PBXFileReference; lastKnownFileType = image.png; name = landing_iamge.png; path = ../../../../../custom_tech_front/app/assets/images/landing_iamge.png; sourceTree = "<group>"; };
		EFC2FF0C19537B2300904361 /* AEAdditionView.h */ = {isa = PBXFileReference; fileEncoding = 4; lastKnownFileType = sourcecode.c.h; name = AEAdditionView.h; path = ../AEAdditionView.h; sourceTree = "<group>"; };
		EFC2FF0D19537B2300904361 /* AEAdditionView.m */ = {isa = PBXFileReference; fileEncoding = 4; lastKnownFileType = sourcecode.c.objc; name = AEAdditionView.m; path = ../AEAdditionView.m; sourceTree = "<group>"; };
		EFC2FF801954960300904361 /* SDWebImage.framework */ = {isa = PBXFileReference; lastKnownFileType = wrapper.framework; name = SDWebImage.framework; path = ../../../../sdweb/SDWebImage.framework; sourceTree = "<group>"; };
		EFC2FFB01954979D00904361 /* MapKit.framework */ = {isa = PBXFileReference; lastKnownFileType = wrapper.framework; name = MapKit.framework; path = System/Library/Frameworks/MapKit.framework; sourceTree = SDKROOT; };
		EFC2FFB3195498D300904361 /* MKAnnotationView+WebCache.h */ = {isa = PBXFileReference; fileEncoding = 4; lastKnownFileType = sourcecode.c.h; path = "MKAnnotationView+WebCache.h"; sourceTree = "<group>"; };
		EFC2FFB4195498D300904361 /* MKAnnotationView+WebCache.m */ = {isa = PBXFileReference; fileEncoding = 4; lastKnownFileType = sourcecode.c.objc; path = "MKAnnotationView+WebCache.m"; sourceTree = "<group>"; };
		EFC2FFB5195498D300904361 /* NSData+ImageContentType.h */ = {isa = PBXFileReference; fileEncoding = 4; lastKnownFileType = sourcecode.c.h; path = "NSData+ImageContentType.h"; sourceTree = "<group>"; };
		EFC2FFB6195498D300904361 /* NSData+ImageContentType.m */ = {isa = PBXFileReference; fileEncoding = 4; lastKnownFileType = sourcecode.c.objc; path = "NSData+ImageContentType.m"; sourceTree = "<group>"; };
		EFC2FFB7195498D300904361 /* SDImageCache.h */ = {isa = PBXFileReference; fileEncoding = 4; lastKnownFileType = sourcecode.c.h; path = SDImageCache.h; sourceTree = "<group>"; };
		EFC2FFB8195498D300904361 /* SDImageCache.m */ = {isa = PBXFileReference; fileEncoding = 4; lastKnownFileType = sourcecode.c.objc; path = SDImageCache.m; sourceTree = "<group>"; };
		EFC2FFB9195498D300904361 /* SDWebImageCompat.h */ = {isa = PBXFileReference; fileEncoding = 4; lastKnownFileType = sourcecode.c.h; path = SDWebImageCompat.h; sourceTree = "<group>"; };
		EFC2FFBA195498D300904361 /* SDWebImageCompat.m */ = {isa = PBXFileReference; fileEncoding = 4; lastKnownFileType = sourcecode.c.objc; path = SDWebImageCompat.m; sourceTree = "<group>"; };
		EFC2FFBB195498D300904361 /* SDWebImageDecoder.h */ = {isa = PBXFileReference; fileEncoding = 4; lastKnownFileType = sourcecode.c.h; path = SDWebImageDecoder.h; sourceTree = "<group>"; };
		EFC2FFBC195498D300904361 /* SDWebImageDecoder.m */ = {isa = PBXFileReference; fileEncoding = 4; lastKnownFileType = sourcecode.c.objc; path = SDWebImageDecoder.m; sourceTree = "<group>"; };
		EFC2FFBD195498D300904361 /* SDWebImageDownloader.h */ = {isa = PBXFileReference; fileEncoding = 4; lastKnownFileType = sourcecode.c.h; path = SDWebImageDownloader.h; sourceTree = "<group>"; };
		EFC2FFBE195498D300904361 /* SDWebImageDownloader.m */ = {isa = PBXFileReference; fileEncoding = 4; lastKnownFileType = sourcecode.c.objc; path = SDWebImageDownloader.m; sourceTree = "<group>"; };
		EFC2FFBF195498D300904361 /* SDWebImageDownloaderOperation.h */ = {isa = PBXFileReference; fileEncoding = 4; lastKnownFileType = sourcecode.c.h; path = SDWebImageDownloaderOperation.h; sourceTree = "<group>"; };
		EFC2FFC0195498D300904361 /* SDWebImageDownloaderOperation.m */ = {isa = PBXFileReference; fileEncoding = 4; lastKnownFileType = sourcecode.c.objc; path = SDWebImageDownloaderOperation.m; sourceTree = "<group>"; };
		EFC2FFC1195498D300904361 /* SDWebImageManager.h */ = {isa = PBXFileReference; fileEncoding = 4; lastKnownFileType = sourcecode.c.h; path = SDWebImageManager.h; sourceTree = "<group>"; };
		EFC2FFC2195498D300904361 /* SDWebImageManager.m */ = {isa = PBXFileReference; fileEncoding = 4; lastKnownFileType = sourcecode.c.objc; path = SDWebImageManager.m; sourceTree = "<group>"; };
		EFC2FFC3195498D300904361 /* SDWebImageOperation.h */ = {isa = PBXFileReference; fileEncoding = 4; lastKnownFileType = sourcecode.c.h; path = SDWebImageOperation.h; sourceTree = "<group>"; };
		EFC2FFC4195498D300904361 /* SDWebImagePrefetcher.h */ = {isa = PBXFileReference; fileEncoding = 4; lastKnownFileType = sourcecode.c.h; path = SDWebImagePrefetcher.h; sourceTree = "<group>"; };
		EFC2FFC5195498D300904361 /* SDWebImagePrefetcher.m */ = {isa = PBXFileReference; fileEncoding = 4; lastKnownFileType = sourcecode.c.objc; path = SDWebImagePrefetcher.m; sourceTree = "<group>"; };
		EFC2FFC6195498D300904361 /* UIButton+WebCache.h */ = {isa = PBXFileReference; fileEncoding = 4; lastKnownFileType = sourcecode.c.h; path = "UIButton+WebCache.h"; sourceTree = "<group>"; };
		EFC2FFC7195498D300904361 /* UIButton+WebCache.m */ = {isa = PBXFileReference; fileEncoding = 4; lastKnownFileType = sourcecode.c.objc; path = "UIButton+WebCache.m"; sourceTree = "<group>"; };
		EFC2FFC8195498D300904361 /* UIImage+GIF.h */ = {isa = PBXFileReference; fileEncoding = 4; lastKnownFileType = sourcecode.c.h; path = "UIImage+GIF.h"; sourceTree = "<group>"; };
		EFC2FFC9195498D300904361 /* UIImage+GIF.m */ = {isa = PBXFileReference; fileEncoding = 4; lastKnownFileType = sourcecode.c.objc; path = "UIImage+GIF.m"; sourceTree = "<group>"; };
		EFC2FFCA195498D300904361 /* UIImage+MultiFormat.h */ = {isa = PBXFileReference; fileEncoding = 4; lastKnownFileType = sourcecode.c.h; path = "UIImage+MultiFormat.h"; sourceTree = "<group>"; };
		EFC2FFCB195498D300904361 /* UIImage+MultiFormat.m */ = {isa = PBXFileReference; fileEncoding = 4; lastKnownFileType = sourcecode.c.objc; path = "UIImage+MultiFormat.m"; sourceTree = "<group>"; };
		EFC2FFCC195498D300904361 /* UIImage+WebP.h */ = {isa = PBXFileReference; fileEncoding = 4; lastKnownFileType = sourcecode.c.h; path = "UIImage+WebP.h"; sourceTree = "<group>"; };
		EFC2FFCD195498D300904361 /* UIImage+WebP.m */ = {isa = PBXFileReference; fileEncoding = 4; lastKnownFileType = sourcecode.c.objc; path = "UIImage+WebP.m"; sourceTree = "<group>"; };
		EFC2FFCE195498D300904361 /* UIImageView+HighlightedWebCache.h */ = {isa = PBXFileReference; fileEncoding = 4; lastKnownFileType = sourcecode.c.h; path = "UIImageView+HighlightedWebCache.h"; sourceTree = "<group>"; };
		EFC2FFCF195498D300904361 /* UIImageView+HighlightedWebCache.m */ = {isa = PBXFileReference; fileEncoding = 4; lastKnownFileType = sourcecode.c.objc; path = "UIImageView+HighlightedWebCache.m"; sourceTree = "<group>"; };
		EFC2FFD0195498D300904361 /* UIImageView+WebCache.h */ = {isa = PBXFileReference; fileEncoding = 4; lastKnownFileType = sourcecode.c.h; path = "UIImageView+WebCache.h"; sourceTree = "<group>"; };
		EFC2FFD1195498D300904361 /* UIImageView+WebCache.m */ = {isa = PBXFileReference; fileEncoding = 4; lastKnownFileType = sourcecode.c.objc; path = "UIImageView+WebCache.m"; sourceTree = "<group>"; };
		EFC2FFE11954DA4500904361 /* git_icon_hover.png */ = {isa = PBXFileReference; lastKnownFileType = image.png; path = git_icon_hover.png; sourceTree = "<group>"; };
		EFC868CE19A7D21D00E0937B /* pupular_home_default.png */ = {isa = PBXFileReference; lastKnownFileType = image.png; path = pupular_home_default.png; sourceTree = "<group>"; };
		EFC868DA19A9593C00E0937B /* pupular_track.png */ = {isa = PBXFileReference; lastKnownFileType = image.png; path = pupular_track.png; sourceTree = "<group>"; };
		EFC868DC19A95A5400E0937B /* pupular_track_home.png */ = {isa = PBXFileReference; lastKnownFileType = image.png; path = pupular_track_home.png; sourceTree = "<group>"; };
		EFC9F4621940C4520078045E /* AENewMessageViewController.h */ = {isa = PBXFileReference; fileEncoding = 4; lastKnownFileType = sourcecode.c.h; path = AENewMessageViewController.h; sourceTree = "<group>"; };
		EFC9F4631940C4520078045E /* AENewMessageViewController.m */ = {isa = PBXFileReference; fileEncoding = 4; lastKnownFileType = sourcecode.c.objc; path = AENewMessageViewController.m; sourceTree = "<group>"; };
		EFC9F4641940C4520078045E /* AENewMessageViewController.xib */ = {isa = PBXFileReference; fileEncoding = 4; lastKnownFileType = file.xib; path = AENewMessageViewController.xib; sourceTree = "<group>"; };
		EFC9F4671940C4C10078045E /* AEEditProfileViewController.h */ = {isa = PBXFileReference; fileEncoding = 4; lastKnownFileType = sourcecode.c.h; path = AEEditProfileViewController.h; sourceTree = "<group>"; };
		EFC9F4681940C4C10078045E /* AEEditProfileViewController.m */ = {isa = PBXFileReference; fileEncoding = 4; lastKnownFileType = sourcecode.c.objc; path = AEEditProfileViewController.m; sourceTree = "<group>"; };
		EFC9F4691940C4C10078045E /* AEEditProfileViewController.xib */ = {isa = PBXFileReference; fileEncoding = 4; lastKnownFileType = file.xib; path = AEEditProfileViewController.xib; sourceTree = "<group>"; };
		EFCAC8AF19C243A20051EEF1 /* AETabBarViewController.h */ = {isa = PBXFileReference; fileEncoding = 4; lastKnownFileType = sourcecode.c.h; path = AETabBarViewController.h; sourceTree = "<group>"; };
		EFCAC8B019C243A20051EEF1 /* AETabBarViewController.m */ = {isa = PBXFileReference; fileEncoding = 4; lastKnownFileType = sourcecode.c.objc; path = AETabBarViewController.m; sourceTree = "<group>"; };
		EFCDA90C19968C9E00635A2C /* AEMessagesViewController.m */ = {isa = PBXFileReference; fileEncoding = 4; lastKnownFileType = sourcecode.c.objc; path = AEMessagesViewController.m; sourceTree = "<group>"; };
		EFCDA90E19968CF500635A2C /* AEMessagesViewController.h */ = {isa = PBXFileReference; lastKnownFileType = sourcecode.c.h; path = AEMessagesViewController.h; sourceTree = "<group>"; };
		EFD32F30195CA4F100700FEA /* AEBuddiesViewController.xib */ = {isa = PBXFileReference; fileEncoding = 4; lastKnownFileType = file.xib; path = AEBuddiesViewController.xib; sourceTree = "<group>"; };
		EFFB3B0A195DC8D7003D0A9C /* AECLController.h */ = {isa = PBXFileReference; fileEncoding = 4; lastKnownFileType = sourcecode.c.h; path = AECLController.h; sourceTree = "<group>"; };
		EFFB3B0B195DC8D7003D0A9C /* AECLController.m */ = {isa = PBXFileReference; fileEncoding = 4; lastKnownFileType = sourcecode.c.objc; path = AECLController.m; sourceTree = "<group>"; };
		EFFB3B0D195DCA8C003D0A9C /* libicucore.dylib */ = {isa = PBXFileReference; lastKnownFileType = "compiled.mach-o.dylib"; name = libicucore.dylib; path = usr/lib/libicucore.dylib; sourceTree = SDKROOT; };
		EFFB3B0F195DCB0C003D0A9C /* CoreText.framework */ = {isa = PBXFileReference; lastKnownFileType = wrapper.framework; name = CoreText.framework; path = System/Library/Frameworks/CoreText.framework; sourceTree = SDKROOT; };
/* End PBXFileReference section */

/* Begin PBXFrameworksBuildPhase section */
		EF1CEC15193786D00000CDC5 /* Frameworks */ = {
			isa = PBXFrameworksBuildPhase;
			buildActionMask = 2147483647;
			files = (
				EFA3D87719AA97CC007CF10A /* CoreTelephony.framework in Frameworks */,
				EFFB3B10195DCB0D003D0A9C /* CoreText.framework in Frameworks */,
				EFA3D87519AA9788007CF10A /* NewRelicAgent.framework in Frameworks */,
				EFC2FFB11954979D00904361 /* MapKit.framework in Frameworks */,
				EFC2FF051951FD1F00904361 /* Security.framework in Frameworks */,
				EF1CEC55193788E50000CDC5 /* GLKit.framework in Frameworks */,
				EFBB8E4D1937CF8B0001EB6E /* CoreData.framework in Frameworks */,
				EFBB8E4B1937CF5E0001EB6E /* libz.dylib in Frameworks */,
				EF5F1BEF1937CAE6002CDE3E /* libc++.dylib in Frameworks */,
				EFFB3B0E195DCA8C003D0A9C /* libicucore.dylib in Frameworks */,
				EF1CEC57193788F00000CDC5 /* ImageIO.framework in Frameworks */,
				EF1CEC53193788CF0000CDC5 /* SystemConfiguration.framework in Frameworks */,
				EF1CEC51193788C00000CDC5 /* OpenGLES.framework in Frameworks */,
				EF1CEC4F193788B60000CDC5 /* QuartzCore.framework in Frameworks */,
				EF1CEC1E193786D00000CDC5 /* CoreGraphics.framework in Frameworks */,
				EF1CEC4D193788690000CDC5 /* GoogleMaps.framework in Frameworks */,
				EF1CEC4B193788240000CDC5 /* CoreLocation.framework in Frameworks */,
				EF1CEC20193786D00000CDC5 /* UIKit.framework in Frameworks */,
				EF1CEC1C193786D00000CDC5 /* Foundation.framework in Frameworks */,
			);
			runOnlyForDeploymentPostprocessing = 0;
		};
		EF1CEC30193786D00000CDC5 /* Frameworks */ = {
			isa = PBXFrameworksBuildPhase;
			buildActionMask = 2147483647;
			files = (
				EF1CEC35193786D00000CDC5 /* XCTest.framework in Frameworks */,
				EF1CEC37193786D00000CDC5 /* UIKit.framework in Frameworks */,
				EF1CEC36193786D00000CDC5 /* Foundation.framework in Frameworks */,
			);
			runOnlyForDeploymentPostprocessing = 0;
		};
/* End PBXFrameworksBuildPhase section */

/* Begin PBXGroup section */
		EF1CEC0F193786D00000CDC5 = {
			isa = PBXGroup;
			children = (
				EF1CEC21193786D00000CDC5 /* Pupular */,
				EF1CEC3A193786D00000CDC5 /* PupularTests */,
				EF1CEC1A193786D00000CDC5 /* Frameworks */,
				EF1CEC19193786D00000CDC5 /* Products */,
			);
			sourceTree = "<group>";
		};
		EF1CEC19193786D00000CDC5 /* Products */ = {
			isa = PBXGroup;
			children = (
				EF1CEC18193786D00000CDC5 /* Pupular.app */,
				EF1CEC33193786D00000CDC5 /* PupularTests.xctest */,
			);
			name = Products;
			sourceTree = "<group>";
		};
		EF1CEC1A193786D00000CDC5 /* Frameworks */ = {
			isa = PBXGroup;
			children = (
				EFA3D87419AA9788007CF10A /* NewRelicAgent.framework */,
				EFA3D87619AA97CC007CF10A /* CoreTelephony.framework */,
				EFFB3B0F195DCB0C003D0A9C /* CoreText.framework */,
				EFFB3B0D195DCA8C003D0A9C /* libicucore.dylib */,
				EFC2FFB01954979D00904361 /* MapKit.framework */,
				EFC2FF801954960300904361 /* SDWebImage.framework */,
				EFC2FF041951FD1F00904361 /* Security.framework */,
				EFBB8E4C1937CF8B0001EB6E /* CoreData.framework */,
				EFBB8E4A1937CF5E0001EB6E /* libz.dylib */,
				EF5F1BEE1937CAE6002CDE3E /* libc++.dylib */,
				EF1CEC56193788F00000CDC5 /* ImageIO.framework */,
				EF1CEC54193788E50000CDC5 /* GLKit.framework */,
				EF1CEC52193788CF0000CDC5 /* SystemConfiguration.framework */,
				EF1CEC50193788C00000CDC5 /* OpenGLES.framework */,
				EF1CEC4E193788B60000CDC5 /* QuartzCore.framework */,
				EF1CEC4C193788690000CDC5 /* GoogleMaps.framework */,
				EF1CEC4A193788240000CDC5 /* CoreLocation.framework */,
				EF1CEC1B193786D00000CDC5 /* Foundation.framework */,
				EF1CEC1D193786D00000CDC5 /* CoreGraphics.framework */,
				EF1CEC1F193786D00000CDC5 /* UIKit.framework */,
				EF1CEC34193786D00000CDC5 /* XCTest.framework */,
			);
			name = Frameworks;
			sourceTree = "<group>";
		};
		EF1CEC21193786D00000CDC5 /* Pupular */ = {
			isa = PBXGroup;
			children = (
				EF1CEC2A193786D00000CDC5 /* AEAppDelegate.h */,
				EF1CEC2B193786D00000CDC5 /* AEAppDelegate.m */,
				EF9F9C8D1A00102B00E34786 /* AEMessageViewFiller.xib */,
				EFCAC8AF19C243A20051EEF1 /* AETabBarViewController.h */,
				EFCAC8B019C243A20051EEF1 /* AETabBarViewController.m */,
				EFC2FF0C19537B2300904361 /* AEAdditionView.h */,
				EFC2FF0D19537B2300904361 /* AEAdditionView.m */,
				EFA3D87D19ABEC32007CF10A /* CustomInfoWindow.h */,
				EFA3D87E19ABEC32007CF10A /* CustomInfoWindow.m */,
				EF5303261A003E1300263B3F /* AETinderViewController.h */,
				EF5303271A003E1300263B3F /* AETinderViewController.m */,
				EF5303281A003E1300263B3F /* AETinderViewController.xib */,
				EFA8589219439F8900065ED9 /* AEConvoViewController.h */,
				EFA8589319439F8900065ED9 /* AEConvoViewController.m */,
				EFA8589419439F8900065ED9 /* AEConvoViewController.xib */,
				EFA8588D19439E7700065ED9 /* AEActiveFriendsViewController.h */,
				EFA8588E19439E7700065ED9 /* AEActiveFriendsViewController.m */,
				EFA8588F19439E7700065ED9 /* AEActiveFriendsViewController.xib */,
				EFA8588819439CCE00065ED9 /* AEBuddiesViewController.h */,
				EFA8588919439CCE00065ED9 /* AEBuddiesViewController.m */,
				EFD32F30195CA4F100700FEA /* AEBuddiesViewController.xib */,
				EF1CEC8A1937B6580000CDC5 /* AEHomeMapViewController.h */,
				EF1CEC8C1937B6580000CDC5 /* AEHomeMapViewController.xib */,
				EF1CEC8B1937B6580000CDC5 /* AEHomeMapViewController.m */,
				EFA8587E1943713600065ED9 /* AEMenuViewController.h */,
				EFA8587F1943713600065ED9 /* AEMenuViewController.m */,
				EFA858801943713600065ED9 /* AEMenuViewController.xib */,
				EF4C615A19A638C50012D696 /* AESearchViewController.h */,
				EF4C615B19A638C50012D696 /* AESearchViewController.m */,
				EF4C615C19A638C50012D696 /* AESearchViewController.xib */,
				EFC9F4621940C4520078045E /* AENewMessageViewController.h */,
				EFC9F4631940C4520078045E /* AENewMessageViewController.m */,
				EFC9F4641940C4520078045E /* AENewMessageViewController.xib */,
				EF1CEC581937B0AC0000CDC5 /* AELogInViewController.h */,
				EF1CEC591937B0AC0000CDC5 /* AELogInViewController.m */,
				EF1CEC5A1937B0AC0000CDC5 /* AELogInViewController.xib */,
				EF1CEC671937B1380000CDC5 /* AEAboutViewController.h */,
				EF1CEC681937B1380000CDC5 /* AEAboutViewController.m */,
				EF1CEC691937B1380000CDC5 /* AEAboutViewController.xib */,
				EFCDA90E19968CF500635A2C /* AEMessagesViewController.h */,
				EFCDA90C19968C9E00635A2C /* AEMessagesViewController.m */,
				EF9F9C8F1A00352B00E34786 /* AEPackViewFiller.xib */,
				EF931B0D19F04BE30041ED1A /* AEToolBarTestViewController.h */,
				EF931B0E19F04BE30041ED1A /* AEToolBarTestViewController.m */,
				EF931B0F19F04BE30041ED1A /* AEToolBarTestViewController.xib */,
				EFA8588519439CBB00065ED9 /* AEMessagesViewController.xib */,
				EF1A3B161977048400174C83 /* AEProfileViewController.h */,
				EF1A3B171977048400174C83 /* AEProfileViewController.m */,
				EF1A3B181977048400174C83 /* AEProfileViewController.xib */,
				EF1BCC391979C991008D9EDC /* AEFriendProfileViewController.h */,
				EF1BCC3A1979C991008D9EDC /* AEFriendProfileViewController.m */,
				EF1BCC3B1979C991008D9EDC /* AEFriendProfileViewController.xib */,
				EF1CEC761937B19A0000CDC5 /* AESignUpViewController.h */,
				EF1CEC771937B19A0000CDC5 /* AESignUpViewController.m */,
				EF1CEC781937B19A0000CDC5 /* AESignUpViewController.xib */,
				EFC9F4671940C4C10078045E /* AEEditProfileViewController.h */,
				EFC9F4681940C4C10078045E /* AEEditProfileViewController.m */,
				EFC9F4691940C4C10078045E /* AEEditProfileViewController.xib */,
				EFFB3B0A195DC8D7003D0A9C /* AECLController.h */,
				EFFB3B0B195DC8D7003D0A9C /* AECLController.m */,
				EFB368D61971DF8D0007FC1E /* AENotification2ViewController.h */,
				EFB368D71971DF8D0007FC1E /* AENotification2ViewController.m */,
				EFB368D81971DF8D0007FC1E /* AENotification2ViewController.xib */,
				EFC2FFB2195498D300904361 /* SDWebImage */,
				EF1CEC2D193786D00000CDC5 /* Images.xcassets */,
				EFBB8F011937D2B10001EB6E /* GoogleMaps.bundle */,
				EF1CEC22193786D00000CDC5 /* Supporting Files */,
			);
			path = Pupular;
			sourceTree = "<group>";
		};
		EF1CEC22193786D00000CDC5 /* Supporting Files */ = {
			isa = PBXGroup;
			children = (
				EF1CEC23193786D00000CDC5 /* Pupular-Info.plist */,
				EFA3D89419AD04D3007CF10A /* pupular_message_big.png */,
				EFA3D88219AC524E007CF10A /* search_filler.png */,
				EFA3D87819ABE68B007CF10A /* markerView.xib */,
				EF06C4F019B4CE8B00F6CEFD /* pupular_pack_big.png */,
				EFC2FFE11954DA4500904361 /* git_icon_hover.png */,
				EF0B8EA319BA925C00FCA587 /* pupular_notif_track.png */,
				EFA3D88619AC57F5007CF10A /* pupular_marker_icon.png */,
				EF4C618F19A7A33F0012D696 /* pupular_search_default.png */,
				EF0B8EB319BAAEDF00FCA587 /* pupular_add_button.png */,
				EFC868CE19A7D21D00E0937B /* pupular_home_default.png */,
				EF4C618719A7A1390012D696 /* pupular_more_default.png */,
				EFA3D88019AC0E8A007CF10A /* pupular_message_active.png */,
				EF8DE73F1A009E8A00EBB414 /* pupular_decline_button.png */,
				EF0B8EAD19BAA22800FCA587 /* pupular_pack_button.png */,
				EF5A20B619B239C100BD8F84 /* pupular_dog_avatar.png */,
				EF0B8EAB19BA9FC900FCA587 /* pupular_track_button.png */,
				EF9EF25719B7AEC30014C3BE /* pupular_badge.png */,
				EF0B8EAF19BAA3B800FCA587 /* pupular_accept_button.png */,
				EF0B8EB919BACF3C00FCA587 /* pupular_message_notification.png */,
				EFA3D89019AD03C3007CF10A /* pupular_track_big.png */,
				EFC868DA19A9593C00E0937B /* pupular_track.png */,
				EF0B8EA919BA9EB500FCA587 /* pupular_message_button.png */,
				EFC868DC19A95A5400E0937B /* pupular_track_home.png */,
				EF0B8EA119BA695500FCA587 /* pupular_launch_1.png */,
				EF4C619919A7CF690012D696 /* pupular_pack_active.png */,
				EF4C619719A7CF5D0012D696 /* pupular_pack_default.png */,
				EF5A20B819B23A3A00BD8F84 /* pupular_dog_avatar_thumb.png */,
				EF0B8EB719BACE7900FCA587 /* pupular_message_default.png */,
				EF4BEFDC19B42AC900190140 /* grass_navbar.png */,
				EFC2FF091953590A00904361 /* landing_iamge.png */,
				EF1CEC24193786D00000CDC5 /* InfoPlist.strings */,
				EF4C615F19A77D040012D696 /* track_star_signal_ON.png */,
				EF2B4B6B19A3EE5000376182 /* list24.png */,
				EF5A20B019B101AF00BD8F84 /* navbar_grass.png */,
				EFBCBCEC19971939006EEA45 /* readIndicator.png */,
				EF7456E019831B190056F429 /* filler_icon.png */,
				EF7456DE19831A680056F429 /* git_icon_hover_the_second.png */,
				EFB7A4AC197624810059CF44 /* list23.png */,
				EF1CEC27193786D00000CDC5 /* main.m */,
				EF1CEC29193786D00000CDC5 /* Pupular-Prefix.pch */,
			);
			name = "Supporting Files";
			sourceTree = "<group>";
		};
		EF1CEC3A193786D00000CDC5 /* PupularTests */ = {
			isa = PBXGroup;
			children = (
				EF1CEC40193786D00000CDC5 /* PupularTests.m */,
				EF1CEC3B193786D00000CDC5 /* Supporting Files */,
			);
			path = PupularTests;
			sourceTree = "<group>";
		};
		EF1CEC3B193786D00000CDC5 /* Supporting Files */ = {
			isa = PBXGroup;
			children = (
				EF1CEC3C193786D00000CDC5 /* PupularTests-Info.plist */,
				EF1CEC3D193786D00000CDC5 /* InfoPlist.strings */,
			);
			name = "Supporting Files";
			sourceTree = "<group>";
		};
		EFC2FFB2195498D300904361 /* SDWebImage */ = {
			isa = PBXGroup;
			children = (
				EFC2FFB3195498D300904361 /* MKAnnotationView+WebCache.h */,
				EFC2FFB4195498D300904361 /* MKAnnotationView+WebCache.m */,
				EFC2FFB5195498D300904361 /* NSData+ImageContentType.h */,
				EFC2FFB6195498D300904361 /* NSData+ImageContentType.m */,
				EFC2FFB7195498D300904361 /* SDImageCache.h */,
				EFC2FFB8195498D300904361 /* SDImageCache.m */,
				EFC2FFB9195498D300904361 /* SDWebImageCompat.h */,
				EFC2FFBA195498D300904361 /* SDWebImageCompat.m */,
				EFC2FFBB195498D300904361 /* SDWebImageDecoder.h */,
				EFC2FFBC195498D300904361 /* SDWebImageDecoder.m */,
				EFC2FFBD195498D300904361 /* SDWebImageDownloader.h */,
				EFC2FFBE195498D300904361 /* SDWebImageDownloader.m */,
				EFC2FFBF195498D300904361 /* SDWebImageDownloaderOperation.h */,
				EFC2FFC0195498D300904361 /* SDWebImageDownloaderOperation.m */,
				EFC2FFC1195498D300904361 /* SDWebImageManager.h */,
				EFC2FFC2195498D300904361 /* SDWebImageManager.m */,
				EFC2FFC3195498D300904361 /* SDWebImageOperation.h */,
				EFC2FFC4195498D300904361 /* SDWebImagePrefetcher.h */,
				EFC2FFC5195498D300904361 /* SDWebImagePrefetcher.m */,
				EFC2FFC6195498D300904361 /* UIButton+WebCache.h */,
				EFC2FFC7195498D300904361 /* UIButton+WebCache.m */,
				EFC2FFC8195498D300904361 /* UIImage+GIF.h */,
				EFC2FFC9195498D300904361 /* UIImage+GIF.m */,
				EFC2FFCA195498D300904361 /* UIImage+MultiFormat.h */,
				EFC2FFCB195498D300904361 /* UIImage+MultiFormat.m */,
				EFC2FFCC195498D300904361 /* UIImage+WebP.h */,
				EFC2FFCD195498D300904361 /* UIImage+WebP.m */,
				EFC2FFCE195498D300904361 /* UIImageView+HighlightedWebCache.h */,
				EFC2FFCF195498D300904361 /* UIImageView+HighlightedWebCache.m */,
				EFC2FFD0195498D300904361 /* UIImageView+WebCache.h */,
				EFC2FFD1195498D300904361 /* UIImageView+WebCache.m */,
			);
			path = SDWebImage;
			sourceTree = "<group>";
		};
/* End PBXGroup section */

/* Begin PBXNativeTarget section */
		EF1CEC17193786D00000CDC5 /* Pupular */ = {
			isa = PBXNativeTarget;
			buildConfigurationList = EF1CEC44193786D00000CDC5 /* Build configuration list for PBXNativeTarget "Pupular" */;
			buildPhases = (
				EF1CEC14193786D00000CDC5 /* Sources */,
				EF1CEC15193786D00000CDC5 /* Frameworks */,
				EF1CEC16193786D00000CDC5 /* Resources */,
			);
			buildRules = (
			);
			dependencies = (
			);
			name = Pupular;
			productName = Pupular;
			productReference = EF1CEC18193786D00000CDC5 /* Pupular.app */;
			productType = "com.apple.product-type.application";
		};
		EF1CEC32193786D00000CDC5 /* PupularTests */ = {
			isa = PBXNativeTarget;
			buildConfigurationList = EF1CEC47193786D00000CDC5 /* Build configuration list for PBXNativeTarget "PupularTests" */;
			buildPhases = (
				EF1CEC2F193786D00000CDC5 /* Sources */,
				EF1CEC30193786D00000CDC5 /* Frameworks */,
				EF1CEC31193786D00000CDC5 /* Resources */,
			);
			buildRules = (
			);
			dependencies = (
				EF1CEC39193786D00000CDC5 /* PBXTargetDependency */,
			);
			name = PupularTests;
			productName = PupularTests;
			productReference = EF1CEC33193786D00000CDC5 /* PupularTests.xctest */;
			productType = "com.apple.product-type.bundle.unit-test";
		};
/* End PBXNativeTarget section */

/* Begin PBXProject section */
		EF1CEC10193786D00000CDC5 /* Project object */ = {
			isa = PBXProject;
			attributes = {
				CLASSPREFIX = AE;
				LastUpgradeCheck = 0510;
				ORGANIZATIONNAME = "Free Swim";
				TargetAttributes = {
					EF1CEC17193786D00000CDC5 = {
						DevelopmentTeam = 7G6GV9247B;
						SystemCapabilities = {
							com.apple.BackgroundModes = {
								enabled = 1;
							};
						};
					};
					EF1CEC32193786D00000CDC5 = {
						TestTargetID = EF1CEC17193786D00000CDC5;
					};
				};
			};
			buildConfigurationList = EF1CEC13193786D00000CDC5 /* Build configuration list for PBXProject "Pupular" */;
			compatibilityVersion = "Xcode 3.2";
			developmentRegion = English;
			hasScannedForEncodings = 0;
			knownRegions = (
				en,
				ar,
				ca,
				cs,
				da,
				de,
				el,
				en_GB,
				es,
				fi,
				fr,
				he,
				hr,
				hu,
				id,
				it,
				ja,
				ko,
				ms,
				nl,
				no,
				pl,
				pt,
				pt_PT,
				ro,
				ru,
				sk,
				sv,
				th,
				tr,
				uk,
				vi,
				zh_CN,
				zh_TW,
			);
			mainGroup = EF1CEC0F193786D00000CDC5;
			productRefGroup = EF1CEC19193786D00000CDC5 /* Products */;
			projectDirPath = "";
			projectRoot = "";
			targets = (
				EF1CEC17193786D00000CDC5 /* Pupular */,
				EF1CEC32193786D00000CDC5 /* PupularTests */,
			);
		};
/* End PBXProject section */

/* Begin PBXResourcesBuildPhase section */
		EF1CEC16193786D00000CDC5 /* Resources */ = {
			isa = PBXResourcesBuildPhase;
			buildActionMask = 2147483647;
			files = (
				EF7456E119831B190056F429 /* filler_icon.png in Resources */,
				EFC2FFE21954DA4500904361 /* git_icon_hover.png in Resources */,
				EF4C619819A7CF5D0012D696 /* pupular_pack_default.png in Resources */,
				EFBB8F021937D2B10001EB6E /* GoogleMaps.bundle in Resources */,
				EF0B8EA219BA695500FCA587 /* pupular_launch_1.png in Resources */,
				EF1CEC6B1937B1380000CDC5 /* AEAboutViewController.xib in Resources */,
				EFA3D88319AC524E007CF10A /* search_filler.png in Resources */,
				EF8DE7401A009E8A00EBB414 /* pupular_decline_button.png in Resources */,
				EF0B8EB819BACE7900FCA587 /* pupular_message_default.png in Resources */,
				EF9F9C8E1A00102B00E34786 /* AEMessageViewFiller.xib in Resources */,
				EF0B8EB019BAA3B800FCA587 /* pupular_accept_button.png in Resources */,
				EF0B8EAC19BA9FC900FCA587 /* pupular_track_button.png in Resources */,
				EF0B8EAA19BA9EB500FCA587 /* pupular_message_button.png in Resources */,
				EFC868DB19A9593C00E0937B /* pupular_track.png in Resources */,
				EF0B8EA419BA925C00FCA587 /* pupular_notif_track.png in Resources */,
				EFB368DA1971DF8D0007FC1E /* AENotification2ViewController.xib in Resources */,
				EF4C618819A7A1390012D696 /* pupular_more_default.png in Resources */,
				EF5A20B919B23A3B00BD8F84 /* pupular_dog_avatar_thumb.png in Resources */,
				EFA3D88119AC0E8A007CF10A /* pupular_message_active.png in Resources */,
				EFC2FF0A1953590A00904361 /* landing_iamge.png in Resources */,
				EFA3D87919ABE68B007CF10A /* markerView.xib in Resources */,
				EFA8589619439F8900065ED9 /* AEConvoViewController.xib in Resources */,
				EF2B4B6C19A3EE5000376182 /* list24.png in Resources */,
				EFC868DD19A95A5400E0937B /* pupular_track_home.png in Resources */,
				EF4C615E19A638C50012D696 /* AESearchViewController.xib in Resources */,
				EF0B8EAE19BAA22800FCA587 /* pupular_pack_button.png in Resources */,
				EF931B1119F04BE30041ED1A /* AEToolBarTestViewController.xib in Resources */,
				EF1CEC5C1937B0AC0000CDC5 /* AELogInViewController.xib in Resources */,
				EF9F9C901A00352B00E34786 /* AEPackViewFiller.xib in Resources */,
				EF4C619019A7A33F0012D696 /* pupular_search_default.png in Resources */,
				EFA3D89519AD04D3007CF10A /* pupular_message_big.png in Resources */,
				EFA3D89119AD03C3007CF10A /* pupular_track_big.png in Resources */,
				EFC868CF19A7D21D00E0937B /* pupular_home_default.png in Resources */,
				EFC9F46B1940C4C10078045E /* AEEditProfileViewController.xib in Resources */,
				EF5A20B119B101AF00BD8F84 /* navbar_grass.png in Resources */,
				EFB7A4AD197624810059CF44 /* list23.png in Resources */,
				EF1CEC8E1937B6580000CDC5 /* AEHomeMapViewController.xib in Resources */,
				EF06C4F119B4CE8B00F6CEFD /* pupular_pack_big.png in Resources */,
				EFC9F4661940C4520078045E /* AENewMessageViewController.xib in Resources */,
				EF1CEC26193786D00000CDC5 /* InfoPlist.strings in Resources */,
				EF9EF25819B7AEC30014C3BE /* pupular_badge.png in Resources */,
				EFA8589119439E7700065ED9 /* AEActiveFriendsViewController.xib in Resources */,
				EF53032A1A003E1300263B3F /* AETinderViewController.xib in Resources */,
				EF4C616019A77D040012D696 /* track_star_signal_ON.png in Resources */,
				EFA3D88719AC57F5007CF10A /* pupular_marker_icon.png in Resources */,
				EF4BEFDD19B42AC900190140 /* grass_navbar.png in Resources */,
				EFD32F31195CA4F100700FEA /* AEBuddiesViewController.xib in Resources */,
				EF1CEC2E193786D00000CDC5 /* Images.xcassets in Resources */,
				EF7456DF19831A680056F429 /* git_icon_hover_the_second.png in Resources */,
				EF5A20B719B239C100BD8F84 /* pupular_dog_avatar.png in Resources */,
				EF4C619A19A7CF690012D696 /* pupular_pack_active.png in Resources */,
				EF1CEC7A1937B19A0000CDC5 /* AESignUpViewController.xib in Resources */,
				EFA8588719439CBB00065ED9 /* AEMessagesViewController.xib in Resources */,
				EF1A3B1A1977048400174C83 /* AEProfileViewController.xib in Resources */,
				EFBCBCED19971939006EEA45 /* readIndicator.png in Resources */,
				EF0B8EBA19BACF3C00FCA587 /* pupular_message_notification.png in Resources */,
				EF0B8EB419BAAEDF00FCA587 /* pupular_add_button.png in Resources */,
				EFA858821943713600065ED9 /* AEMenuViewController.xib in Resources */,
				EF1BCC3D1979C991008D9EDC /* AEFriendProfileViewController.xib in Resources */,
			);
			runOnlyForDeploymentPostprocessing = 0;
		};
		EF1CEC31193786D00000CDC5 /* Resources */ = {
			isa = PBXResourcesBuildPhase;
			buildActionMask = 2147483647;
			files = (
				EF1CEC3F193786D00000CDC5 /* InfoPlist.strings in Resources */,
			);
			runOnlyForDeploymentPostprocessing = 0;
		};
/* End PBXResourcesBuildPhase section */

/* Begin PBXSourcesBuildPhase section */
		EF1CEC14193786D00000CDC5 /* Sources */ = {
			isa = PBXSourcesBuildPhase;
			buildActionMask = 2147483647;
			files = (
				EFC2FFDC195498D300904361 /* UIImage+GIF.m in Sources */,
				EFA8589019439E7700065ED9 /* AEActiveFriendsViewController.m in Sources */,
				EFC9F4651940C4520078045E /* AENewMessageViewController.m in Sources */,
				EFFB3B0C195DC8D7003D0A9C /* AECLController.m in Sources */,
				EF1CEC8D1937B6580000CDC5 /* AEHomeMapViewController.m in Sources */,
				EFC2FFDE195498D300904361 /* UIImage+WebP.m in Sources */,
				EFC2FFD3195498D300904361 /* NSData+ImageContentType.m in Sources */,
				EF931B1019F04BE30041ED1A /* AEToolBarTestViewController.m in Sources */,
				EF1CEC5B1937B0AC0000CDC5 /* AELogInViewController.m in Sources */,
				EF1CEC791937B19A0000CDC5 /* AESignUpViewController.m in Sources */,
				EFC2FFD6195498D300904361 /* SDWebImageDecoder.m in Sources */,
				EFA8588B19439CCE00065ED9 /* AEBuddiesViewController.m in Sources */,
				EFC2FFDB195498D300904361 /* UIButton+WebCache.m in Sources */,
				EFC2FFD9195498D300904361 /* SDWebImageManager.m in Sources */,
				EFCDA90D19968C9E00635A2C /* AEMessagesViewController.m in Sources */,
				EF1CEC6A1937B1380000CDC5 /* AEAboutViewController.m in Sources */,
				EF1A3B191977048400174C83 /* AEProfileViewController.m in Sources */,
				EFCAC8B119C243A20051EEF1 /* AETabBarViewController.m in Sources */,
				EF5303291A003E1300263B3F /* AETinderViewController.m in Sources */,
				EFC2FFE0195498D300904361 /* UIImageView+WebCache.m in Sources */,
				EFC2FF0E19537B2300904361 /* AEAdditionView.m in Sources */,
				EFA8589519439F8900065ED9 /* AEConvoViewController.m in Sources */,
				EFC2FFDF195498D300904361 /* UIImageView+HighlightedWebCache.m in Sources */,
				EFA3D87F19ABEC32007CF10A /* CustomInfoWindow.m in Sources */,
				EFC2FFD7195498D300904361 /* SDWebImageDownloader.m in Sources */,
				EFC2FFDA195498D300904361 /* SDWebImagePrefetcher.m in Sources */,
				EF1CEC2C193786D00000CDC5 /* AEAppDelegate.m in Sources */,
				EFC2FFD4195498D300904361 /* SDImageCache.m in Sources */,
				EF4C615D19A638C50012D696 /* AESearchViewController.m in Sources */,
				EFC2FFD8195498D300904361 /* SDWebImageDownloaderOperation.m in Sources */,
				EF1CEC28193786D00000CDC5 /* main.m in Sources */,
				EFC2FFD2195498D300904361 /* MKAnnotationView+WebCache.m in Sources */,
				EFC2FFDD195498D300904361 /* UIImage+MultiFormat.m in Sources */,
				EFB368D91971DF8D0007FC1E /* AENotification2ViewController.m in Sources */,
				EF1BCC3C1979C991008D9EDC /* AEFriendProfileViewController.m in Sources */,
				EFC2FFD5195498D300904361 /* SDWebImageCompat.m in Sources */,
				EFA858811943713600065ED9 /* AEMenuViewController.m in Sources */,
				EFC9F46A1940C4C10078045E /* AEEditProfileViewController.m in Sources */,
			);
			runOnlyForDeploymentPostprocessing = 0;
		};
		EF1CEC2F193786D00000CDC5 /* Sources */ = {
			isa = PBXSourcesBuildPhase;
			buildActionMask = 2147483647;
			files = (
				EF1CEC41193786D00000CDC5 /* PupularTests.m in Sources */,
			);
			runOnlyForDeploymentPostprocessing = 0;
		};
/* End PBXSourcesBuildPhase section */

/* Begin PBXTargetDependency section */
		EF1CEC39193786D00000CDC5 /* PBXTargetDependency */ = {
			isa = PBXTargetDependency;
			target = EF1CEC17193786D00000CDC5 /* Pupular */;
			targetProxy = EF1CEC38193786D00000CDC5 /* PBXContainerItemProxy */;
		};
/* End PBXTargetDependency section */

/* Begin PBXVariantGroup section */
		EF1CEC24193786D00000CDC5 /* InfoPlist.strings */ = {
			isa = PBXVariantGroup;
			children = (
				EF1CEC25193786D00000CDC5 /* en */,
			);
			name = InfoPlist.strings;
			sourceTree = "<group>";
		};
		EF1CEC3D193786D00000CDC5 /* InfoPlist.strings */ = {
			isa = PBXVariantGroup;
			children = (
				EF1CEC3E193786D00000CDC5 /* en */,
			);
			name = InfoPlist.strings;
			sourceTree = "<group>";
		};
/* End PBXVariantGroup section */

/* Begin XCBuildConfiguration section */
		EF1CEC42193786D00000CDC5 /* Debug */ = {
			isa = XCBuildConfiguration;
			buildSettings = {
				ALWAYS_SEARCH_USER_PATHS = NO;
				CLANG_CXX_LANGUAGE_STANDARD = "gnu++0x";
				CLANG_CXX_LIBRARY = "libc++";
				CLANG_ENABLE_MODULES = YES;
				CLANG_ENABLE_OBJC_ARC = YES;
				CLANG_WARN_BOOL_CONVERSION = YES;
				CLANG_WARN_CONSTANT_CONVERSION = YES;
				CLANG_WARN_DIRECT_OBJC_ISA_USAGE = YES_ERROR;
				CLANG_WARN_EMPTY_BODY = YES;
				CLANG_WARN_ENUM_CONVERSION = YES;
				CLANG_WARN_INT_CONVERSION = YES;
				CLANG_WARN_OBJC_ROOT_CLASS = YES_ERROR;
				CLANG_WARN__DUPLICATE_METHOD_MATCH = YES;
				"CODE_SIGN_IDENTITY[sdk=iphoneos*]" = "iPhone Developer";
				COPY_PHASE_STRIP = NO;
				GCC_C_LANGUAGE_STANDARD = gnu99;
				GCC_DYNAMIC_NO_PIC = NO;
				GCC_OPTIMIZATION_LEVEL = 0;
				GCC_PREPROCESSOR_DEFINITIONS = (
					"DEBUG=1",
					"$(inherited)",
				);
				GCC_SYMBOLS_PRIVATE_EXTERN = NO;
				GCC_WARN_64_TO_32_BIT_CONVERSION = YES;
				GCC_WARN_ABOUT_RETURN_TYPE = YES_ERROR;
				GCC_WARN_UNDECLARED_SELECTOR = YES;
				GCC_WARN_UNINITIALIZED_AUTOS = YES_AGGRESSIVE;
				GCC_WARN_UNUSED_FUNCTION = YES;
				GCC_WARN_UNUSED_VARIABLE = YES;
				IPHONEOS_DEPLOYMENT_TARGET = 7.1;
				ONLY_ACTIVE_ARCH = YES;
				PROVISIONING_PROFILE = "70fcdf5e-19a9-4c06-ba29-412c152c043f";
				SDKROOT = iphoneos;
				VALIDATE_PRODUCT = YES;
			};
			name = Debug;
		};
		EF1CEC43193786D00000CDC5 /* Release */ = {
			isa = XCBuildConfiguration;
			buildSettings = {
				ALWAYS_SEARCH_USER_PATHS = NO;
				CLANG_CXX_LANGUAGE_STANDARD = "gnu++0x";
				CLANG_CXX_LIBRARY = "libc++";
				CLANG_ENABLE_MODULES = YES;
				CLANG_ENABLE_OBJC_ARC = YES;
				CLANG_WARN_BOOL_CONVERSION = YES;
				CLANG_WARN_CONSTANT_CONVERSION = YES;
				CLANG_WARN_DIRECT_OBJC_ISA_USAGE = YES_ERROR;
				CLANG_WARN_EMPTY_BODY = YES;
				CLANG_WARN_ENUM_CONVERSION = YES;
				CLANG_WARN_INT_CONVERSION = YES;
				CLANG_WARN_OBJC_ROOT_CLASS = YES_ERROR;
				CLANG_WARN__DUPLICATE_METHOD_MATCH = YES;
				"CODE_SIGN_IDENTITY[sdk=iphoneos*]" = "iPhone Developer";
				COPY_PHASE_STRIP = YES;
				ENABLE_NS_ASSERTIONS = NO;
				GCC_C_LANGUAGE_STANDARD = gnu99;
				GCC_WARN_64_TO_32_BIT_CONVERSION = YES;
				GCC_WARN_ABOUT_RETURN_TYPE = YES_ERROR;
				GCC_WARN_UNDECLARED_SELECTOR = YES;
				GCC_WARN_UNINITIALIZED_AUTOS = YES_AGGRESSIVE;
				GCC_WARN_UNUSED_FUNCTION = YES;
				GCC_WARN_UNUSED_VARIABLE = YES;
				IPHONEOS_DEPLOYMENT_TARGET = 7.1;
				PROVISIONING_PROFILE = "70fcdf5e-19a9-4c06-ba29-412c152c043f";
				SDKROOT = iphoneos;
				VALIDATE_PRODUCT = YES;
			};
			name = Release;
		};
		EF1CEC45193786D00000CDC5 /* Debug */ = {
			isa = XCBuildConfiguration;
			buildSettings = {
				ASSETCATALOG_COMPILER_APPICON_NAME = AppIcon;
				ASSETCATALOG_COMPILER_LAUNCHIMAGE_NAME = LaunchImage;
				CODE_SIGN_IDENTITY = "iPhone Developer";
				"CODE_SIGN_IDENTITY[sdk=iphoneos*]" = "iPhone Developer";
				FRAMEWORK_SEARCH_PATHS = (
					"$(inherited)",
					"/Users/hoopmiester/Downloads/GoogleMaps-iOS-1.7.2",
					"$(PROJECT_DIR)/Pupular",
					/Users/hoopmiester/sdweb,
				);
				GCC_PRECOMPILE_PREFIX_HEADER = YES;
				GCC_PREFIX_HEADER = "Pupular/Pupular-Prefix.pch";
				INFOPLIST_FILE = "Pupular/Pupular-Info.plist";
				"OTHER_LDFLAGS[arch=*]" = "-ObjC";
				PRODUCT_NAME = "$(TARGET_NAME)";
				PROVISIONING_PROFILE = "";
				TARGETED_DEVICE_FAMILY = 1;
				VALIDATE_PRODUCT = YES;
				WRAPPER_EXTENSION = app;
			};
			name = Debug;
		};
		EF1CEC46193786D00000CDC5 /* Release */ = {
			isa = XCBuildConfiguration;
			buildSettings = {
				ASSETCATALOG_COMPILER_APPICON_NAME = AppIcon;
				ASSETCATALOG_COMPILER_LAUNCHIMAGE_NAME = LaunchImage;
				CODE_SIGN_IDENTITY = "iPhone Developer";
				"CODE_SIGN_IDENTITY[sdk=iphoneos*]" = "iPhone Distribution";
				FRAMEWORK_SEARCH_PATHS = (
					"$(inherited)",
					"/Users/hoopmiester/Downloads/GoogleMaps-iOS-1.7.2",
					"$(PROJECT_DIR)/Pupular",
					/Users/hoopmiester/sdweb,
				);
				GCC_PRECOMPILE_PREFIX_HEADER = YES;
				GCC_PREFIX_HEADER = "Pupular/Pupular-Prefix.pch";
				INFOPLIST_FILE = "Pupular/Pupular-Info.plist";
				"OTHER_LDFLAGS[arch=*]" = "-ObjC";
				PRODUCT_NAME = "$(TARGET_NAME)";
				PROVISIONING_PROFILE = "";
				TARGETED_DEVICE_FAMILY = 1;
				WRAPPER_EXTENSION = app;
			};
			name = Release;
		};
		EF1CEC48193786D00000CDC5 /* Debug */ = {
			isa = XCBuildConfiguration;
			buildSettings = {
				BUNDLE_LOADER = "$(BUILT_PRODUCTS_DIR)/Pupular.app/Pupular";
				FRAMEWORK_SEARCH_PATHS = (
					"$(SDKROOT)/Developer/Library/Frameworks",
					"$(inherited)",
					"$(DEVELOPER_FRAMEWORKS_DIR)",
				);
				GCC_PRECOMPILE_PREFIX_HEADER = YES;
				GCC_PREFIX_HEADER = "Pupular/Pupular-Prefix.pch";
				GCC_PREPROCESSOR_DEFINITIONS = (
					"DEBUG=1",
					"$(inherited)",
				);
				INFOPLIST_FILE = "PupularTests/PupularTests-Info.plist";
				PRODUCT_NAME = "$(TARGET_NAME)";
				TEST_HOST = "$(BUNDLE_LOADER)";
				WRAPPER_EXTENSION = xctest;
			};
			name = Debug;
		};
		EF1CEC49193786D00000CDC5 /* Release */ = {
			isa = XCBuildConfiguration;
			buildSettings = {
				BUNDLE_LOADER = "$(BUILT_PRODUCTS_DIR)/Pupular.app/Pupular";
				FRAMEWORK_SEARCH_PATHS = (
					"$(SDKROOT)/Developer/Library/Frameworks",
					"$(inherited)",
					"$(DEVELOPER_FRAMEWORKS_DIR)",
				);
				GCC_PRECOMPILE_PREFIX_HEADER = YES;
				GCC_PREFIX_HEADER = "Pupular/Pupular-Prefix.pch";
				INFOPLIST_FILE = "PupularTests/PupularTests-Info.plist";
				PRODUCT_NAME = "$(TARGET_NAME)";
				TEST_HOST = "$(BUNDLE_LOADER)";
				WRAPPER_EXTENSION = xctest;
			};
			name = Release;
		};
/* End XCBuildConfiguration section */

/* Begin XCConfigurationList section */
		EF1CEC13193786D00000CDC5 /* Build configuration list for PBXProject "Pupular" */ = {
			isa = XCConfigurationList;
			buildConfigurations = (
				EF1CEC42193786D00000CDC5 /* Debug */,
				EF1CEC43193786D00000CDC5 /* Release */,
			);
			defaultConfigurationIsVisible = 0;
			defaultConfigurationName = Release;
		};
		EF1CEC44193786D00000CDC5 /* Build configuration list for PBXNativeTarget "Pupular" */ = {
			isa = XCConfigurationList;
			buildConfigurations = (
				EF1CEC45193786D00000CDC5 /* Debug */,
				EF1CEC46193786D00000CDC5 /* Release */,
			);
			defaultConfigurationIsVisible = 0;
			defaultConfigurationName = Release;
		};
		EF1CEC47193786D00000CDC5 /* Build configuration list for PBXNativeTarget "PupularTests" */ = {
			isa = XCConfigurationList;
			buildConfigurations = (
				EF1CEC48193786D00000CDC5 /* Debug */,
				EF1CEC49193786D00000CDC5 /* Release */,
			);
			defaultConfigurationIsVisible = 0;
			defaultConfigurationName = Release;
		};
/* End XCConfigurationList section */
	};
	rootObject = EF1CEC10193786D00000CDC5 /* Project object */;
}
